
Microsoft Visual Studio Solution File, Format Version 12.00
# Visual Studio Version 17
VisualStudioVersion = 17.9.34728.123
MinimumVisualStudioVersion = 10.0.40219.1
Project("{2150E333-8FDC-42A3-9474-1A3956D46DE8}") = "src", "src", "{8F025AEF-1C15-45B3-9FB6-E3BAFA640C60}"
EndProject
Project("{2150E333-8FDC-42A3-9474-1A3956D46DE8}") = "BuildingBlocks", "BuildingBlocks", "{757A6AA4-40F3-40AE-903F-5273B26EA9CF}"
EndProject
Project("{9A19103F-16F7-4668-BE54-9A1E7A4F7556}") = "Invoria.BuildingBlocks.Domain", "src\BuildingBlocks\Invoria.BuildingBlocks.Domain\Invoria.BuildingBlocks.Domain.csproj", "{DBD880A3-EDD6-4E0E-80F4-78C0F7D53AEF}"
EndProject
Project("{9A19103F-16F7-4668-BE54-9A1E7A4F7556}") = "Invoria.BuildingBlocks.Application", "src\BuildingBlocks\Invoria.BuildingBlocks.Application\Invoria.BuildingBlocks.Application.csproj", "{46902691-B19B-4880-9B70-FD8131C31B87}"
EndProject
Project("{9A19103F-16F7-4668-BE54-9A1E7A4F7556}") = "Invoria.BuildingBlocks.EntityFramework", "src\BuildingBlocks\Invoria.BuildingBlocks.EntityFramework\Invoria.BuildingBlocks.EntityFramework.csproj", "{B9A8D1C2-8D5D-4E3B-8E02-1A9D4C5E8F11}"
EndProject
Project("{9A19103F-16F7-4668-BE54-9A1E7A4F7556}") = "Invoria.BuildingBlocks.Infrastructure", "src\BuildingBlocks\Invoria.BuildingBlocks.Infrastructure\Invoria.BuildingBlocks.Infrastructure.csproj", "{A16700CA-1B23-4CF2-862B-276A29E2372F}"
EndProject
Project("{9A19103F-16F7-4668-BE54-9A1E7A4F7556}") = "Invoria.Api", "src\Invoria.Api\Invoria.Api.csproj", "{E6FF6A15-26F4-4851-B342-77AF78EC5FC9}"
EndProject
Project("{2150E333-8FDC-42A3-9474-1A3956D46DE8}") = "tests", "tests", "{00ECCD11-1CF7-41E9-AC3E-C5D458EC16CD}"
EndProject
Project("{9A19103F-16F7-4668-BE54-9A1E7A4F7556}") = "Invoria.Application.Tests", "tests\Invoria.Application.Tests\Invoria.Application.Tests.csproj", "{B5617359-45DB-456E-B5BB-5B9A20A9E49A}"
EndProject
Project("{9A19103F-16F7-4668-BE54-9A1E7A4F7556}") = "Invoria.BuildingBlocks.Core", "src\BuildingBlocks\Invoria.BuildingBlocks.Core\Invoria.BuildingBlocks.Core.csproj", "{C08BB0AA-F0E4-49CE-8864-6348C49D4B4D}"
EndProject
Project("{2150E333-8FDC-42A3-9474-1A3956D46DE8}") = "Modules", "Modules", "{8F8D80D6-3DEA-4A11-947D-AC5C7EA00187}"
EndProject
Project("{2150E333-8FDC-42A3-9474-1A3956D46DE8}") = "Catalog", "Catalog", "{AB9694BC-F419-46DD-8B96-5D3086153E7B}"
EndProject
Project("{9A19103F-16F7-4668-BE54-9A1E7A4F7556}") = "Invoria.Catalog.Domain", "src\Modules\Catalog\Catalog.Domain\Invoria.Catalog.Domain.csproj", "{08750553-B1D9-443F-8E4B-2EE5916594BA}"
EndProject
Project("{9A19103F-16F7-4668-BE54-9A1E7A4F7556}") = "Invoria.Catalog.Application", "src\Modules\Catalog\Catalog.Application\Invoria.Catalog.Application.csproj", "{7DD0935F-CB4B-4711-81A2-C26C861A08E8}"
EndProject
Project("{9A19103F-16F7-4668-BE54-9A1E7A4F7556}") = "Invoria.Catalog.Endpoints", "src\Modules\Catalog\Catalog.Endpoints\Invoria.Catalog.Endpoints.csproj", "{EB2234B0-0018-456F-B7DF-E2A53B193702}"
EndProject
Project("{9A19103F-16F7-4668-BE54-9A1E7A4F7556}") = "Invoria.Catalog.Contracts", "src\Modules\Catalog\Catalog.Contracts\Invoria.Catalog.Contracts.csproj", "{3EEABAC2-3740-4904-93DC-75E981673E03}"
EndProject
Project("{2150E333-8FDC-42A3-9474-1A3956D46DE8}") = "Modules", "Modules", "{3216E1E0-7019-4319-B813-369DAD98A347}"
EndProject
Project("{2150E333-8FDC-42A3-9474-1A3956D46DE8}") = "Catalog", "Catalog", "{0C7F70FC-4694-4221-9FB1-67588E50EB0E}"
EndProject
Project("{9A19103F-16F7-4668-BE54-9A1E7A4F7556}") = "Invoria.Catalog.Application.Tests", "tests\Modules\Catalog\Catalog.Application.Tests\Invoria.Catalog.Application.Tests.csproj", "{EFB7B193-DFC6-4920-AAA3-988D53A71495}"
EndProject
Project("{9A19103F-16F7-4668-BE54-9A1E7A4F7556}") = "Invoria.Catalog.Infrastructure", "src\Modules\Catalog\Catalog.Infrastructure\Invoria.Catalog.Infrastructure.csproj", "{21CE9445-75F1-4DFC-8D1A-8B1871376889}"
EndProject
Project("{9A19103F-16F7-4668-BE54-9A1E7A4F7556}") = "Invoria.Catalog.Endpoints.Tests", "tests\Modules\Catalog\Catalog.Endpoints.Tests\Invoria.Catalog.Endpoints.Tests.csproj", "{D4C5EB0E-047F-48DE-8695-7C305AE16B25}"
EndProject
Project("{9A19103F-16F7-4668-BE54-9A1E7A4F7556}") = "Invoria.Endpoints.Tests", "tests\Invoria.Endpoints.Tests\Invoria.Endpoints.Tests.csproj", "{07B6DB1E-CB87-4FC4-9387-2F0AD80CECE3}"
EndProject
Project("{2150E333-8FDC-42A3-9474-1A3956D46DE8}") = "CustomerManagment", "CustomerManagment", "{4C92CFCC-B4D5-4E12-8114-3AB06959C079}"
EndProject
Project("{9A19103F-16F7-4668-BE54-9A1E7A4F7556}") = "Invoria.CustomerManagement.Domain", "src\Modules\CustomerManagement\CustomerManagement.Domain\Invoria.CustomerManagement.Domain.csproj", "{49B55423-84EF-47AE-A26A-38F34CA2477D}"
EndProject
Project("{9A19103F-16F7-4668-BE54-9A1E7A4F7556}") = "Invoria.CustomerManagement.Application", "src\Modules\CustomerManagement\CustomerManagement.Application\Invoria.CustomerManagement.Application.csproj", "{76FC255A-DA7B-4649-9ED1-52AD0368D96F}"
EndProject
Project("{9A19103F-16F7-4668-BE54-9A1E7A4F7556}") = "Invoria.CustomerManagement.Contracts", "src\Modules\CustomerManagement\CustomerManagement.Contracts\Invoria.CustomerManagement.Contracts.csproj", "{2A83D49C-77B2-453C-9991-51880CDC2D13}"
EndProject
Project("{9A19103F-16F7-4668-BE54-9A1E7A4F7556}") = "Invoria.CustomerManagement.Infrastructure", "src\Modules\CustomerManagement\CustomerManagement.Infrastructure\Invoria.CustomerManagement.Infrastructure.csproj", "{1EB5D7C7-48B0-4C54-AEC1-BAF4F300467B}"
EndProject
Project("{9A19103F-16F7-4668-BE54-9A1E7A4F7556}") = "Invoria.CustomerManagement.Endpoints", "src\Modules\CustomerManagement\CustomerManagement.Endpoints\Invoria.CustomerManagement.Endpoints.csproj", "{23320563-044F-4B30-9337-466A96C11CC2}"
EndProject
Project("{2150E333-8FDC-42A3-9474-1A3956D46DE8}") = "CustomerManagment", "CustomerManagment", "{9498FB9E-6E76-4850-9614-F00674DB0A36}"
EndProject
Project("{9A19103F-16F7-4668-BE54-9A1E7A4F7556}") = "Invoria.CustomerManagement.Application.Tests", "tests\Modules\CustomerManagement\CustomerManagement.Application.Tests\Invoria.CustomerManagement.Application.Tests.csproj", "{ABD2F3DC-49E5-47DA-B478-88CD2BAD00F9}"
EndProject
Project("{9A19103F-16F7-4668-BE54-9A1E7A4F7556}") = "Invoria.CustomerManagement.Endpoints.Tests", "tests\Modules\CustomerManagement\CustomerManagement.Endpoints.Tests\Invoria.CustomerManagement.Endpoints.Tests.csproj", "{1BCF3CA0-E0A2-4BA9-B010-DF614D881AFC}"
EndProject
Project("{2150E333-8FDC-42A3-9474-1A3956D46DE8}") = "Ordering", "Ordering", "{FD8720DD-3A6A-4BD8-A9A6-66FC58916856}"
EndProject
Project("{9A19103F-16F7-4668-BE54-9A1E7A4F7556}") = "Invoria.Ordering.Domain", "src\Modules\Ordering\Ordering.Domain\Invoria.Ordering.Domain.csproj", "{8CD6D23B-87F8-4381-80BC-02AEB9389137}"
EndProject
Project("{9A19103F-16F7-4668-BE54-9A1E7A4F7556}") = "Invoria.Ordering.Application", "src\Modules\Ordering\Ordering.Application\Invoria.Ordering.Application.csproj", "{9A10A3A0-EB29-4357-B128-3C7BB5A5722D}"
EndProject
Project("{9A19103F-16F7-4668-BE54-9A1E7A4F7556}") = "Invoria.Ordering.Contracts", "src\Modules\Ordering\Ordering.Contracts\Invoria.Ordering.Contracts.csproj", "{EE25578A-D4E4-49AA-9924-59B9D6F111A9}"
EndProject
Project("{9A19103F-16F7-4668-BE54-9A1E7A4F7556}") = "Invoria.Ordering.Endpoints", "src\Modules\Ordering\Ordering.Endpoints\Invoria.Ordering.Endpoints.csproj", "{75176571-785A-4875-AFA9-899822D04B86}"
EndProject
Project("{9A19103F-16F7-4668-BE54-9A1E7A4F7556}") = "Invoria.Ordering.Infrastructure", "src\Modules\Ordering\Ordering.Infrastructure\Invoria.Ordering.Infrastructure.csproj", "{60F557DA-6FD3-4C45-BCA1-8633610D50B9}"
EndProject
Project("{2150E333-8FDC-42A3-9474-1A3956D46DE8}") = "Ordering", "Ordering", "{BAA0BCB9-B338-4EE8-8345-BE50D21A7797}"
EndProject
Project("{9A19103F-16F7-4668-BE54-9A1E7A4F7556}") = "Invoria.Ordering.Application.Tests", "tests\Modules\Ordering\Ordering.Application.Tests\Invoria.Ordering.Application.Tests.csproj", "{F469A015-E0F2-42ED-8E89-55C9046ADE13}"
EndProject
Project("{9A19103F-16F7-4668-BE54-9A1E7A4F7556}") = "Invoria.Ordering.Endpoints.Tests", "tests\Modules\Ordering\Ordering.Endpoints.Tests\Invoria.Ordering.Endpoints.Tests.csproj", "{75DAACDE-D7F2-483A-ABF6-0F2714617CE4}"
EndProject
Project("{9A19103F-16F7-4668-BE54-9A1E7A4F7556}") = "Invoria.Ordering.Tests.Fakes", "tests\Modules\Ordering\Invoria.Ordering.Tests.Fakes\Invoria.Ordering.Tests.Fakes.csproj", "{1DC874B3-3958-4F22-94C9-DBAB998154E7}"
EndProject
Project("{9A19103F-16F7-4668-BE54-9A1E7A4F7556}") = "Invoria.Inventory.Domain", "src\Modules\Inventory\Inventory.Domain\Invoria.Inventory.Domain.csproj", "{BA3F6655-5591-4C6F-935E-D52AF09A3BBD}"
EndProject
Project("{2150E333-8FDC-42A3-9474-1A3956D46DE8}") = "Inventory", "Inventory", "{1C1C1F59-D47C-4C07-9812-0D165731FA7D}"
EndProject
Project("{9A19103F-16F7-4668-BE54-9A1E7A4F7556}") = "Invoria.Inventory.Application", "src\Modules\Inventory\Inventory.Application\Invoria.Inventory.Application.csproj", "{CB66380A-CDE9-46CA-8B8A-AEE52EFB9834}"
EndProject
Project("{9A19103F-16F7-4668-BE54-9A1E7A4F7556}") = "Invoria.Inventory.Contracts", "src\Modules\Inventory\Inventory.Contracts\Invoria.Inventory.Contracts.csproj", "{A3F1FA53-37EB-42BE-A5AB-2E71DDF7D507}"
EndProject
Project("{9A19103F-16F7-4668-BE54-9A1E7A4F7556}") = "Invoria.Inventory.Infrastructure", "src\Modules\Inventory\Inventory.Infrastructure\Invoria.Inventory.Infrastructure.csproj", "{C21B4618-84FC-4FA6-8BDE-D5799A3E8B8A}"
EndProject
Project("{9A19103F-16F7-4668-BE54-9A1E7A4F7556}") = "Invoria.Inventory.Endpoints", "src\Modules\Inventory\Inventory.Endpoints\Invoria.Inventory.Endpoints.csproj", "{0395D22A-87CB-46E6-93D4-B37D2D923489}"
EndProject
Project("{2150E333-8FDC-42A3-9474-1A3956D46DE8}") = "Inventory", "Inventory", "{A276A37D-9F14-4CBD-B28D-8B0965157121}"
EndProject
Project("{9A19103F-16F7-4668-BE54-9A1E7A4F7556}") = "Invoria.Inventory.Application.Tests", "tests\Modules\Inventory\Inventory.Application.Tests\Invoria.Inventory.Application.Tests.csproj", "{AF8C378F-329C-44CC-BB6C-CD3D3B01C878}"
EndProject
Project("{9A19103F-16F7-4668-BE54-9A1E7A4F7556}") = "Invoria.Inventory.Endpoints.Tests", "tests\Modules\Inventory\Inventory.Endpoints.Tests\Invoria.Inventory.Endpoints.Tests.csproj", "{E236F564-7E0D-44D4-BA6E-DBD326664C36}"
EndProject
Project("{2150E333-8FDC-42A3-9474-1A3956D46DE8}") = "Procurement", "Procurement", "{C66D5753-2B74-410F-8B15-3F42EE6FCFCF}"
EndProject
Project("{9A19103F-16F7-4668-BE54-9A1E7A4F7556}") = "Invoria.Procurement.Domain", "src\Modules\Procurement\Procurement.Domain\Invoria.Procurement.Domain.csproj", "{F65CDFF2-ADA5-451A-BF41-79B4CB75663B}"
EndProject
Project("{9A19103F-16F7-4668-BE54-9A1E7A4F7556}") = "Invoria.Procurement.Application", "src\Modules\Procurement\Procurement.Application\Invoria.Procurement.Application.csproj", "{BB7E193F-525D-4063-8EC5-96BD651818E5}"
EndProject
Project("{9A19103F-16F7-4668-BE54-9A1E7A4F7556}") = "Invoria.Procurement.Contracts", "src\Modules\Procurement\Procurement.Contracts\Invoria.Procurement.Contracts.csproj", "{49EB325F-8E20-47A2-A69D-F295364F925B}"
EndProject
Project("{9A19103F-16F7-4668-BE54-9A1E7A4F7556}") = "Invoria.Procurement.Endpoints", "src\Modules\Procurement\Procurement.Endpoints\Invoria.Procurement.Endpoints.csproj", "{2B4F1F95-C1D6-4CAF-9617-BB0D0CF62705}"
EndProject
Project("{9A19103F-16F7-4668-BE54-9A1E7A4F7556}") = "Invoria.Procurement.Infrastructure", "src\Modules\Procurement\Procurement.Infrastructure\Invoria.Procurement.Infrastructure.csproj", "{22F71578-82C9-4D86-A730-8A0DAD7B6904}"
EndProject
Project("{9A19103F-16F7-4668-BE54-9A1E7A4F7556}") = "Invoria.Procurement.Application.Tests", "tests\Modules\Procurement\Procurement.Application.Tests\Invoria.Procurement.Application.Tests.csproj", "{AB432BE0-B1CE-4B6F-9FFF-463510541B75}"
EndProject
Project("{2150E333-8FDC-42A3-9474-1A3956D46DE8}") = "Procurement", "Procurement", "{050879D0-AF8A-452F-88D3-28F3242DAB8D}"
EndProject
Project("{9A19103F-16F7-4668-BE54-9A1E7A4F7556}") = "Invoria.Procurement.Endpoints.Tests", "tests\Modules\Procurement\Procurement.Endpoints.Tests\Invoria.Procurement.Endpoints.Tests.csproj", "{61287598-2B1D-433D-AE68-6B7FFA47C3AA}"
EndProject
Project("{2150E333-8FDC-42A3-9474-1A3956D46DE8}") = "Reporting", "Reporting", "{E2B490A1-6C3D-4F8E-B2A1-4D5E6F708091}"
EndProject
Project("{9A19103F-16F7-4668-BE54-9A1E7A4F7556}") = "Invoria.Reporting.Contracts", "src\Modules\Reporting\Reporting.Contracts\Invoria.Reporting.Contracts.csproj", "{F3C591B2-7D4E-40A9-C3B2-5E6F708190A1}"
EndProject
Project("{9A19103F-16F7-4668-BE54-9A1E7A4F7556}") = "Invoria.Reporting.Domain", "src\Modules\Reporting\Reporting.Domain\Invoria.Reporting.Domain.csproj", "{04D6A2C3-8E5F-41BA-D4C3-6F708190A2B2}"
EndProject
Project("{9A19103F-16F7-4668-BE54-9A1E7A4F7556}") = "Invoria.Reporting.Application", "src\Modules\Reporting\Reporting.Application\Invoria.Reporting.Application.csproj", "{15E7B3D4-9F60-42CB-E5D4-708190A3B3C3}"
EndProject
Project("{9A19103F-16F7-4668-BE54-9A1E7A4F7556}") = "Invoria.Reporting.Endpoints", "src\Modules\Reporting\Reporting.Endpoints\Invoria.Reporting.Endpoints.csproj", "{26F8C4E5-A071-43DC-F6E5-8190A4B4C4D4}"
EndProject
Project("{9A19103F-16F7-4668-BE54-9A1E7A4F7556}") = "Invoria.Reporting.Infrastructure", "src\Modules\Reporting\Reporting.Infrastructure\Invoria.Reporting.Infrastructure.csproj", "{3790D5F6-B182-44ED-A7F6-9201B5C5D5E5}"
EndProject
Project("{2150E333-8FDC-42A3-9474-1A3956D46DE8}") = "Reporting", "Reporting", "{440DF63E-566E-4A8C-AFDA-B41AD68A81FA}"
EndProject
Project("{FAE04EC0-301F-11D3-BF4B-00C04F79EFBC}") = "Invoria.Reporting.Domain.Tests", "tests\Modules\Reporting\Reporting.Domain.Tests\Invoria.Reporting.Domain.Tests.csproj", "{A0FC075B-DA47-4780-AB8A-AEBDB5A6FF7C}"
EndProject
Project("{FAE04EC0-301F-11D3-BF4B-00C04F79EFBC}") = "Invoria.Reporting.Application.Tests", "tests\Modules\Reporting\Reporting.Application.Tests\Invoria.Reporting.Application.Tests.csproj", "{93B0C4CE-6022-4B0A-9DED-A2A1115D27FC}"
EndProject
Project("{2150E333-8FDC-42A3-9474-1A3956D46DE8}") = "Reporting", "Reporting", "{CB49A926-EDC2-4F4D-925E-C5042ACE8D50}"
EndProject
Project("{FAE04EC0-301F-11D3-BF4B-00C04F79EFBC}") = "Invoria.Reporting.Endpoints.Tests", "tests\Modules\Reporting\Reporting.Endpoints.Tests\Invoria.Reporting.Endpoints.Tests.csproj", "{3F4108EB-2579-4042-AF8C-5DA1EC8EACF1}"
EndProject
Global
	GlobalSection(SolutionConfigurationPlatforms) = preSolution
		Debug|Any CPU = Debug|Any CPU
		Debug|x64 = Debug|x64
		Debug|x86 = Debug|x86
		Release|Any CPU = Release|Any CPU
		Release|x64 = Release|x64
		Release|x86 = Release|x86
	EndGlobalSection
	GlobalSection(ProjectConfigurationPlatforms) = postSolution
		{DBD880A3-EDD6-4E0E-80F4-78C0F7D53AEF}.Debug|Any CPU.ActiveCfg = Debug|Any CPU
		{DBD880A3-EDD6-4E0E-80F4-78C0F7D53AEF}.Debug|Any CPU.Build.0 = Debug|Any CPU
		{DBD880A3-EDD6-4E0E-80F4-78C0F7D53AEF}.Debug|x64.ActiveCfg = Debug|Any CPU
		{DBD880A3-EDD6-4E0E-80F4-78C0F7D53AEF}.Debug|x64.Build.0 = Debug|Any CPU
		{DBD880A3-EDD6-4E0E-80F4-78C0F7D53AEF}.Debug|x86.ActiveCfg = Debug|Any CPU
		{DBD880A3-EDD6-4E0E-80F4-78C0F7D53AEF}.Debug|x86.Build.0 = Debug|Any CPU
		{DBD880A3-EDD6-4E0E-80F4-78C0F7D53AEF}.Release|Any CPU.ActiveCfg = Release|Any CPU
		{DBD880A3-EDD6-4E0E-80F4-78C0F7D53AEF}.Release|Any CPU.Build.0 = Release|Any CPU
		{DBD880A3-EDD6-4E0E-80F4-78C0F7D53AEF}.Release|x64.ActiveCfg = Release|Any CPU
		{DBD880A3-EDD6-4E0E-80F4-78C0F7D53AEF}.Release|x64.Build.0 = Release|Any CPU
		{DBD880A3-EDD6-4E0E-80F4-78C0F7D53AEF}.Release|x86.ActiveCfg = Release|Any CPU
		{DBD880A3-EDD6-4E0E-80F4-78C0F7D53AEF}.Release|x86.Build.0 = Release|Any CPU
		{46902691-B19B-4880-9B70-FD8131C31B87}.Debug|Any CPU.ActiveCfg = Debug|Any CPU
		{46902691-B19B-4880-9B70-FD8131C31B87}.Debug|Any CPU.Build.0 = Debug|Any CPU
		{46902691-B19B-4880-9B70-FD8131C31B87}.Debug|x64.ActiveCfg = Debug|Any CPU
		{46902691-B19B-4880-9B70-FD8131C31B87}.Debug|x64.Build.0 = Debug|Any CPU
		{46902691-B19B-4880-9B70-FD8131C31B87}.Debug|x86.ActiveCfg = Debug|Any CPU
		{46902691-B19B-4880-9B70-FD8131C31B87}.Debug|x86.Build.0 = Debug|Any CPU
		{46902691-B19B-4880-9B70-FD8131C31B87}.Release|Any CPU.ActiveCfg = Release|Any CPU
		{46902691-B19B-4880-9B70-FD8131C31B87}.Release|Any CPU.Build.0 = Release|Any CPU
		{46902691-B19B-4880-9B70-FD8131C31B87}.Release|x64.ActiveCfg = Release|Any CPU
		{46902691-B19B-4880-9B70-FD8131C31B87}.Release|x64.Build.0 = Release|Any CPU
		{46902691-B19B-4880-9B70-FD8131C31B87}.Release|x86.ActiveCfg = Release|Any CPU
		{46902691-B19B-4880-9B70-FD8131C31B87}.Release|x86.Build.0 = Release|Any CPU
		{B9A8D1C2-8D5D-4E3B-8E02-1A9D4C5E8F11}.Debug|Any CPU.ActiveCfg = Debug|Any CPU
		{B9A8D1C2-8D5D-4E3B-8E02-1A9D4C5E8F11}.Debug|Any CPU.Build.0 = Debug|Any CPU
		{B9A8D1C2-8D5D-4E3B-8E02-1A9D4C5E8F11}.Debug|x64.ActiveCfg = Debug|Any CPU
		{B9A8D1C2-8D5D-4E3B-8E02-1A9D4C5E8F11}.Debug|x64.Build.0 = Debug|Any CPU
		{B9A8D1C2-8D5D-4E3B-8E02-1A9D4C5E8F11}.Debug|x86.ActiveCfg = Debug|Any CPU
		{B9A8D1C2-8D5D-4E3B-8E02-1A9D4C5E8F11}.Debug|x86.Build.0 = Debug|Any CPU
		{B9A8D1C2-8D5D-4E3B-8E02-1A9D4C5E8F11}.Release|Any CPU.ActiveCfg = Release|Any CPU
		{B9A8D1C2-8D5D-4E3B-8E02-1A9D4C5E8F11}.Release|Any CPU.Build.0 = Release|Any CPU
		{B9A8D1C2-8D5D-4E3B-8E02-1A9D4C5E8F11}.Release|x64.ActiveCfg = Release|Any CPU
		{B9A8D1C2-8D5D-4E3B-8E02-1A9D4C5E8F11}.Release|x64.Build.0 = Release|Any CPU
		{B9A8D1C2-8D5D-4E3B-8E02-1A9D4C5E8F11}.Release|x86.ActiveCfg = Release|Any CPU
		{B9A8D1C2-8D5D-4E3B-8E02-1A9D4C5E8F11}.Release|x86.Build.0 = Release|Any CPU
		{A16700CA-1B23-4CF2-862B-276A29E2372F}.Debug|Any CPU.ActiveCfg = Debug|Any CPU
		{A16700CA-1B23-4CF2-862B-276A29E2372F}.Debug|Any CPU.Build.0 = Debug|Any CPU
		{A16700CA-1B23-4CF2-862B-276A29E2372F}.Debug|x64.ActiveCfg = Debug|Any CPU
		{A16700CA-1B23-4CF2-862B-276A29E2372F}.Debug|x64.Build.0 = Debug|Any CPU
		{A16700CA-1B23-4CF2-862B-276A29E2372F}.Debug|x86.ActiveCfg = Debug|Any CPU
		{A16700CA-1B23-4CF2-862B-276A29E2372F}.Debug|x86.Build.0 = Debug|Any CPU
		{A16700CA-1B23-4CF2-862B-276A29E2372F}.Release|Any CPU.ActiveCfg = Release|Any CPU
		{A16700CA-1B23-4CF2-862B-276A29E2372F}.Release|Any CPU.Build.0 = Release|Any CPU
		{A16700CA-1B23-4CF2-862B-276A29E2372F}.Release|x64.ActiveCfg = Release|Any CPU
		{A16700CA-1B23-4CF2-862B-276A29E2372F}.Release|x64.Build.0 = Release|Any CPU
		{A16700CA-1B23-4CF2-862B-276A29E2372F}.Release|x86.ActiveCfg = Release|Any CPU
		{A16700CA-1B23-4CF2-862B-276A29E2372F}.Release|x86.Build.0 = Release|Any CPU
		{E6FF6A15-26F4-4851-B342-77AF78EC5FC9}.Debug|Any CPU.ActiveCfg = Debug|Any CPU
		{E6FF6A15-26F4-4851-B342-77AF78EC5FC9}.Debug|Any CPU.Build.0 = Debug|Any CPU
		{E6FF6A15-26F4-4851-B342-77AF78EC5FC9}.Debug|x64.ActiveCfg = Debug|Any CPU
		{E6FF6A15-26F4-4851-B342-77AF78EC5FC9}.Debug|x64.Build.0 = Debug|Any CPU
		{E6FF6A15-26F4-4851-B342-77AF78EC5FC9}.Debug|x86.ActiveCfg = Debug|Any CPU
		{E6FF6A15-26F4-4851-B342-77AF78EC5FC9}.Debug|x86.Build.0 = Debug|Any CPU
		{E6FF6A15-26F4-4851-B342-77AF78EC5FC9}.Release|Any CPU.ActiveCfg = Release|Any CPU
		{E6FF6A15-26F4-4851-B342-77AF78EC5FC9}.Release|Any CPU.Build.0 = Release|Any CPU
		{E6FF6A15-26F4-4851-B342-77AF78EC5FC9}.Release|x64.ActiveCfg = Release|Any CPU
		{E6FF6A15-26F4-4851-B342-77AF78EC5FC9}.Release|x64.Build.0 = Release|Any CPU
		{E6FF6A15-26F4-4851-B342-77AF78EC5FC9}.Release|x86.ActiveCfg = Release|Any CPU
		{E6FF6A15-26F4-4851-B342-77AF78EC5FC9}.Release|x86.Build.0 = Release|Any CPU
		{B5617359-45DB-456E-B5BB-5B9A20A9E49A}.Debug|Any CPU.ActiveCfg = Debug|Any CPU
		{B5617359-45DB-456E-B5BB-5B9A20A9E49A}.Debug|Any CPU.Build.0 = Debug|Any CPU
		{B5617359-45DB-456E-B5BB-5B9A20A9E49A}.Debug|x64.ActiveCfg = Debug|Any CPU
		{B5617359-45DB-456E-B5BB-5B9A20A9E49A}.Debug|x64.Build.0 = Debug|Any CPU
		{B5617359-45DB-456E-B5BB-5B9A20A9E49A}.Debug|x86.ActiveCfg = Debug|Any CPU
		{B5617359-45DB-456E-B5BB-5B9A20A9E49A}.Debug|x86.Build.0 = Debug|Any CPU
		{B5617359-45DB-456E-B5BB-5B9A20A9E49A}.Release|Any CPU.ActiveCfg = Release|Any CPU
		{B5617359-45DB-456E-B5BB-5B9A20A9E49A}.Release|Any CPU.Build.0 = Release|Any CPU
		{B5617359-45DB-456E-B5BB-5B9A20A9E49A}.Release|x64.ActiveCfg = Release|Any CPU
		{B5617359-45DB-456E-B5BB-5B9A20A9E49A}.Release|x64.Build.0 = Release|Any CPU
		{B5617359-45DB-456E-B5BB-5B9A20A9E49A}.Release|x86.ActiveCfg = Release|Any CPU
		{B5617359-45DB-456E-B5BB-5B9A20A9E49A}.Release|x86.Build.0 = Release|Any CPU
		{C08BB0AA-F0E4-49CE-8864-6348C49D4B4D}.Debug|Any CPU.ActiveCfg = Debug|Any CPU
		{C08BB0AA-F0E4-49CE-8864-6348C49D4B4D}.Debug|Any CPU.Build.0 = Debug|Any CPU
		{C08BB0AA-F0E4-49CE-8864-6348C49D4B4D}.Debug|x64.ActiveCfg = Debug|Any CPU
		{C08BB0AA-F0E4-49CE-8864-6348C49D4B4D}.Debug|x64.Build.0 = Debug|Any CPU
		{C08BB0AA-F0E4-49CE-8864-6348C49D4B4D}.Debug|x86.ActiveCfg = Debug|Any CPU
		{C08BB0AA-F0E4-49CE-8864-6348C49D4B4D}.Debug|x86.Build.0 = Debug|Any CPU
		{C08BB0AA-F0E4-49CE-8864-6348C49D4B4D}.Release|Any CPU.ActiveCfg = Release|Any CPU
		{C08BB0AA-F0E4-49CE-8864-6348C49D4B4D}.Release|Any CPU.Build.0 = Release|Any CPU
		{C08BB0AA-F0E4-49CE-8864-6348C49D4B4D}.Release|x64.ActiveCfg = Release|Any CPU
		{C08BB0AA-F0E4-49CE-8864-6348C49D4B4D}.Release|x64.Build.0 = Release|Any CPU
		{C08BB0AA-F0E4-49CE-8864-6348C49D4B4D}.Release|x86.ActiveCfg = Release|Any CPU
		{C08BB0AA-F0E4-49CE-8864-6348C49D4B4D}.Release|x86.Build.0 = Release|Any CPU
		{08750553-B1D9-443F-8E4B-2EE5916594BA}.Debug|Any CPU.ActiveCfg = Debug|Any CPU
		{08750553-B1D9-443F-8E4B-2EE5916594BA}.Debug|Any CPU.Build.0 = Debug|Any CPU
		{08750553-B1D9-443F-8E4B-2EE5916594BA}.Debug|x64.ActiveCfg = Debug|Any CPU
		{08750553-B1D9-443F-8E4B-2EE5916594BA}.Debug|x64.Build.0 = Debug|Any CPU
		{08750553-B1D9-443F-8E4B-2EE5916594BA}.Debug|x86.ActiveCfg = Debug|Any CPU
		{08750553-B1D9-443F-8E4B-2EE5916594BA}.Debug|x86.Build.0 = Debug|Any CPU
		{08750553-B1D9-443F-8E4B-2EE5916594BA}.Release|Any CPU.ActiveCfg = Release|Any CPU
		{08750553-B1D9-443F-8E4B-2EE5916594BA}.Release|Any CPU.Build.0 = Release|Any CPU
		{08750553-B1D9-443F-8E4B-2EE5916594BA}.Release|x64.ActiveCfg = Release|Any CPU
		{08750553-B1D9-443F-8E4B-2EE5916594BA}.Release|x64.Build.0 = Release|Any CPU
		{08750553-B1D9-443F-8E4B-2EE5916594BA}.Release|x86.ActiveCfg = Release|Any CPU
		{08750553-B1D9-443F-8E4B-2EE5916594BA}.Release|x86.Build.0 = Release|Any CPU
		{7DD0935F-CB4B-4711-81A2-C26C861A08E8}.Debug|Any CPU.ActiveCfg = Debug|Any CPU
		{7DD0935F-CB4B-4711-81A2-C26C861A08E8}.Debug|Any CPU.Build.0 = Debug|Any CPU
		{7DD0935F-CB4B-4711-81A2-C26C861A08E8}.Debug|x64.ActiveCfg = Debug|Any CPU
		{7DD0935F-CB4B-4711-81A2-C26C861A08E8}.Debug|x64.Build.0 = Debug|Any CPU
		{7DD0935F-CB4B-4711-81A2-C26C861A08E8}.Debug|x86.ActiveCfg = Debug|Any CPU
		{7DD0935F-CB4B-4711-81A2-C26C861A08E8}.Debug|x86.Build.0 = Debug|Any CPU
		{7DD0935F-CB4B-4711-81A2-C26C861A08E8}.Release|Any CPU.ActiveCfg = Release|Any CPU
		{7DD0935F-CB4B-4711-81A2-C26C861A08E8}.Release|Any CPU.Build.0 = Release|Any CPU
		{7DD0935F-CB4B-4711-81A2-C26C861A08E8}.Release|x64.ActiveCfg = Release|Any CPU
		{7DD0935F-CB4B-4711-81A2-C26C861A08E8}.Release|x64.Build.0 = Release|Any CPU
		{7DD0935F-CB4B-4711-81A2-C26C861A08E8}.Release|x86.ActiveCfg = Release|Any CPU
		{7DD0935F-CB4B-4711-81A2-C26C861A08E8}.Release|x86.Build.0 = Release|Any CPU
		{EB2234B0-0018-456F-B7DF-E2A53B193702}.Debug|Any CPU.ActiveCfg = Debug|Any CPU
		{EB2234B0-0018-456F-B7DF-E2A53B193702}.Debug|Any CPU.Build.0 = Debug|Any CPU
		{EB2234B0-0018-456F-B7DF-E2A53B193702}.Debug|x64.ActiveCfg = Debug|Any CPU
		{EB2234B0-0018-456F-B7DF-E2A53B193702}.Debug|x64.Build.0 = Debug|Any CPU
		{EB2234B0-0018-456F-B7DF-E2A53B193702}.Debug|x86.ActiveCfg = Debug|Any CPU
		{EB2234B0-0018-456F-B7DF-E2A53B193702}.Debug|x86.Build.0 = Debug|Any CPU
		{EB2234B0-0018-456F-B7DF-E2A53B193702}.Release|Any CPU.ActiveCfg = Release|Any CPU
		{EB2234B0-0018-456F-B7DF-E2A53B193702}.Release|Any CPU.Build.0 = Release|Any CPU
		{EB2234B0-0018-456F-B7DF-E2A53B193702}.Release|x64.ActiveCfg = Release|Any CPU
		{EB2234B0-0018-456F-B7DF-E2A53B193702}.Release|x64.Build.0 = Release|Any CPU
		{EB2234B0-0018-456F-B7DF-E2A53B193702}.Release|x86.ActiveCfg = Release|Any CPU
		{EB2234B0-0018-456F-B7DF-E2A53B193702}.Release|x86.Build.0 = Release|Any CPU
		{3EEABAC2-3740-4904-93DC-75E981673E03}.Debug|Any CPU.ActiveCfg = Debug|Any CPU
		{3EEABAC2-3740-4904-93DC-75E981673E03}.Debug|Any CPU.Build.0 = Debug|Any CPU
		{3EEABAC2-3740-4904-93DC-75E981673E03}.Debug|x64.ActiveCfg = Debug|Any CPU
		{3EEABAC2-3740-4904-93DC-75E981673E03}.Debug|x64.Build.0 = Debug|Any CPU
		{3EEABAC2-3740-4904-93DC-75E981673E03}.Debug|x86.ActiveCfg = Debug|Any CPU
		{3EEABAC2-3740-4904-93DC-75E981673E03}.Debug|x86.Build.0 = Debug|Any CPU
		{3EEABAC2-3740-4904-93DC-75E981673E03}.Release|Any CPU.ActiveCfg = Release|Any CPU
		{3EEABAC2-3740-4904-93DC-75E981673E03}.Release|Any CPU.Build.0 = Release|Any CPU
		{3EEABAC2-3740-4904-93DC-75E981673E03}.Release|x64.ActiveCfg = Release|Any CPU
		{3EEABAC2-3740-4904-93DC-75E981673E03}.Release|x64.Build.0 = Release|Any CPU
		{3EEABAC2-3740-4904-93DC-75E981673E03}.Release|x86.ActiveCfg = Release|Any CPU
		{3EEABAC2-3740-4904-93DC-75E981673E03}.Release|x86.Build.0 = Release|Any CPU
		{EFB7B193-DFC6-4920-AAA3-988D53A71495}.Debug|Any CPU.ActiveCfg = Debug|Any CPU
		{EFB7B193-DFC6-4920-AAA3-988D53A71495}.Debug|Any CPU.Build.0 = Debug|Any CPU
		{EFB7B193-DFC6-4920-AAA3-988D53A71495}.Debug|x64.ActiveCfg = Debug|Any CPU
		{EFB7B193-DFC6-4920-AAA3-988D53A71495}.Debug|x64.Build.0 = Debug|Any CPU
		{EFB7B193-DFC6-4920-AAA3-988D53A71495}.Debug|x86.ActiveCfg = Debug|Any CPU
		{EFB7B193-DFC6-4920-AAA3-988D53A71495}.Debug|x86.Build.0 = Debug|Any CPU
		{EFB7B193-DFC6-4920-AAA3-988D53A71495}.Release|Any CPU.ActiveCfg = Release|Any CPU
		{EFB7B193-DFC6-4920-AAA3-988D53A71495}.Release|Any CPU.Build.0 = Release|Any CPU
		{EFB7B193-DFC6-4920-AAA3-988D53A71495}.Release|x64.ActiveCfg = Release|Any CPU
		{EFB7B193-DFC6-4920-AAA3-988D53A71495}.Release|x64.Build.0 = Release|Any CPU
		{EFB7B193-DFC6-4920-AAA3-988D53A71495}.Release|x86.ActiveCfg = Release|Any CPU
		{EFB7B193-DFC6-4920-AAA3-988D53A71495}.Release|x86.Build.0 = Release|Any CPU
		{21CE9445-75F1-4DFC-8D1A-8B1871376889}.Debug|Any CPU.ActiveCfg = Debug|Any CPU
		{21CE9445-75F1-4DFC-8D1A-8B1871376889}.Debug|Any CPU.Build.0 = Debug|Any CPU
		{21CE9445-75F1-4DFC-8D1A-8B1871376889}.Debug|x64.ActiveCfg = Debug|Any CPU
		{21CE9445-75F1-4DFC-8D1A-8B1871376889}.Debug|x64.Build.0 = Debug|Any CPU
		{21CE9445-75F1-4DFC-8D1A-8B1871376889}.Debug|x86.ActiveCfg = Debug|Any CPU
		{21CE9445-75F1-4DFC-8D1A-8B1871376889}.Debug|x86.Build.0 = Debug|Any CPU
		{21CE9445-75F1-4DFC-8D1A-8B1871376889}.Release|Any CPU.ActiveCfg = Release|Any CPU
		{21CE9445-75F1-4DFC-8D1A-8B1871376889}.Release|Any CPU.Build.0 = Release|Any CPU
		{21CE9445-75F1-4DFC-8D1A-8B1871376889}.Release|x64.ActiveCfg = Release|Any CPU
		{21CE9445-75F1-4DFC-8D1A-8B1871376889}.Release|x64.Build.0 = Release|Any CPU
		{21CE9445-75F1-4DFC-8D1A-8B1871376889}.Release|x86.ActiveCfg = Release|Any CPU
		{21CE9445-75F1-4DFC-8D1A-8B1871376889}.Release|x86.Build.0 = Release|Any CPU
		{D4C5EB0E-047F-48DE-8695-7C305AE16B25}.Debug|Any CPU.ActiveCfg = Debug|Any CPU
		{D4C5EB0E-047F-48DE-8695-7C305AE16B25}.Debug|Any CPU.Build.0 = Debug|Any CPU
		{D4C5EB0E-047F-48DE-8695-7C305AE16B25}.Debug|x64.ActiveCfg = Debug|Any CPU
		{D4C5EB0E-047F-48DE-8695-7C305AE16B25}.Debug|x64.Build.0 = Debug|Any CPU
		{D4C5EB0E-047F-48DE-8695-7C305AE16B25}.Debug|x86.ActiveCfg = Debug|Any CPU
		{D4C5EB0E-047F-48DE-8695-7C305AE16B25}.Debug|x86.Build.0 = Debug|Any CPU
		{D4C5EB0E-047F-48DE-8695-7C305AE16B25}.Release|Any CPU.ActiveCfg = Release|Any CPU
		{D4C5EB0E-047F-48DE-8695-7C305AE16B25}.Release|Any CPU.Build.0 = Release|Any CPU
		{D4C5EB0E-047F-48DE-8695-7C305AE16B25}.Release|x64.ActiveCfg = Release|Any CPU
		{D4C5EB0E-047F-48DE-8695-7C305AE16B25}.Release|x64.Build.0 = Release|Any CPU
		{D4C5EB0E-047F-48DE-8695-7C305AE16B25}.Release|x86.ActiveCfg = Release|Any CPU
		{D4C5EB0E-047F-48DE-8695-7C305AE16B25}.Release|x86.Build.0 = Release|Any CPU
		{07B6DB1E-CB87-4FC4-9387-2F0AD80CECE3}.Debug|Any CPU.ActiveCfg = Debug|Any CPU
		{07B6DB1E-CB87-4FC4-9387-2F0AD80CECE3}.Debug|Any CPU.Build.0 = Debug|Any CPU
		{07B6DB1E-CB87-4FC4-9387-2F0AD80CECE3}.Debug|x64.ActiveCfg = Debug|Any CPU
		{07B6DB1E-CB87-4FC4-9387-2F0AD80CECE3}.Debug|x64.Build.0 = Debug|Any CPU
		{07B6DB1E-CB87-4FC4-9387-2F0AD80CECE3}.Debug|x86.ActiveCfg = Debug|Any CPU
		{07B6DB1E-CB87-4FC4-9387-2F0AD80CECE3}.Debug|x86.Build.0 = Debug|Any CPU
		{07B6DB1E-CB87-4FC4-9387-2F0AD80CECE3}.Release|Any CPU.ActiveCfg = Release|Any CPU
		{07B6DB1E-CB87-4FC4-9387-2F0AD80CECE3}.Release|Any CPU.Build.0 = Release|Any CPU
		{07B6DB1E-CB87-4FC4-9387-2F0AD80CECE3}.Release|x64.ActiveCfg = Release|Any CPU
		{07B6DB1E-CB87-4FC4-9387-2F0AD80CECE3}.Release|x64.Build.0 = Release|Any CPU
		{07B6DB1E-CB87-4FC4-9387-2F0AD80CECE3}.Release|x86.ActiveCfg = Release|Any CPU
		{07B6DB1E-CB87-4FC4-9387-2F0AD80CECE3}.Release|x86.Build.0 = Release|Any CPU
		{49B55423-84EF-47AE-A26A-38F34CA2477D}.Debug|Any CPU.ActiveCfg = Debug|Any CPU
		{49B55423-84EF-47AE-A26A-38F34CA2477D}.Debug|Any CPU.Build.0 = Debug|Any CPU
		{49B55423-84EF-47AE-A26A-38F34CA2477D}.Debug|x64.ActiveCfg = Debug|Any CPU
		{49B55423-84EF-47AE-A26A-38F34CA2477D}.Debug|x64.Build.0 = Debug|Any CPU
		{49B55423-84EF-47AE-A26A-38F34CA2477D}.Debug|x86.ActiveCfg = Debug|Any CPU
		{49B55423-84EF-47AE-A26A-38F34CA2477D}.Debug|x86.Build.0 = Debug|Any CPU
		{49B55423-84EF-47AE-A26A-38F34CA2477D}.Release|Any CPU.ActiveCfg = Release|Any CPU
		{49B55423-84EF-47AE-A26A-38F34CA2477D}.Release|Any CPU.Build.0 = Release|Any CPU
		{49B55423-84EF-47AE-A26A-38F34CA2477D}.Release|x64.ActiveCfg = Release|Any CPU
		{49B55423-84EF-47AE-A26A-38F34CA2477D}.Release|x64.Build.0 = Release|Any CPU
		{49B55423-84EF-47AE-A26A-38F34CA2477D}.Release|x86.ActiveCfg = Release|Any CPU
		{49B55423-84EF-47AE-A26A-38F34CA2477D}.Release|x86.Build.0 = Release|Any CPU
		{76FC255A-DA7B-4649-9ED1-52AD0368D96F}.Debug|Any CPU.ActiveCfg = Debug|Any CPU
		{76FC255A-DA7B-4649-9ED1-52AD0368D96F}.Debug|Any CPU.Build.0 = Debug|Any CPU
		{76FC255A-DA7B-4649-9ED1-52AD0368D96F}.Debug|x64.ActiveCfg = Debug|Any CPU
		{76FC255A-DA7B-4649-9ED1-52AD0368D96F}.Debug|x64.Build.0 = Debug|Any CPU
		{76FC255A-DA7B-4649-9ED1-52AD0368D96F}.Debug|x86.ActiveCfg = Debug|Any CPU
		{76FC255A-DA7B-4649-9ED1-52AD0368D96F}.Debug|x86.Build.0 = Debug|Any CPU
		{76FC255A-DA7B-4649-9ED1-52AD0368D96F}.Release|Any CPU.ActiveCfg = Release|Any CPU
		{76FC255A-DA7B-4649-9ED1-52AD0368D96F}.Release|Any CPU.Build.0 = Release|Any CPU
		{76FC255A-DA7B-4649-9ED1-52AD0368D96F}.Release|x64.ActiveCfg = Release|Any CPU
		{76FC255A-DA7B-4649-9ED1-52AD0368D96F}.Release|x64.Build.0 = Release|Any CPU
		{76FC255A-DA7B-4649-9ED1-52AD0368D96F}.Release|x86.ActiveCfg = Release|Any CPU
		{76FC255A-DA7B-4649-9ED1-52AD0368D96F}.Release|x86.Build.0 = Release|Any CPU
		{2A83D49C-77B2-453C-9991-51880CDC2D13}.Debug|Any CPU.ActiveCfg = Debug|Any CPU
		{2A83D49C-77B2-453C-9991-51880CDC2D13}.Debug|Any CPU.Build.0 = Debug|Any CPU
		{2A83D49C-77B2-453C-9991-51880CDC2D13}.Debug|x64.ActiveCfg = Debug|Any CPU
		{2A83D49C-77B2-453C-9991-51880CDC2D13}.Debug|x64.Build.0 = Debug|Any CPU
		{2A83D49C-77B2-453C-9991-51880CDC2D13}.Debug|x86.ActiveCfg = Debug|Any CPU
		{2A83D49C-77B2-453C-9991-51880CDC2D13}.Debug|x86.Build.0 = Debug|Any CPU
		{2A83D49C-77B2-453C-9991-51880CDC2D13}.Release|Any CPU.ActiveCfg = Release|Any CPU
		{2A83D49C-77B2-453C-9991-51880CDC2D13}.Release|Any CPU.Build.0 = Release|Any CPU
		{2A83D49C-77B2-453C-9991-51880CDC2D13}.Release|x64.ActiveCfg = Release|Any CPU
		{2A83D49C-77B2-453C-9991-51880CDC2D13}.Release|x64.Build.0 = Release|Any CPU
		{2A83D49C-77B2-453C-9991-51880CDC2D13}.Release|x86.ActiveCfg = Release|Any CPU
		{2A83D49C-77B2-453C-9991-51880CDC2D13}.Release|x86.Build.0 = Release|Any CPU
		{1EB5D7C7-48B0-4C54-AEC1-BAF4F300467B}.Debug|Any CPU.ActiveCfg = Debug|Any CPU
		{1EB5D7C7-48B0-4C54-AEC1-BAF4F300467B}.Debug|Any CPU.Build.0 = Debug|Any CPU
		{1EB5D7C7-48B0-4C54-AEC1-BAF4F300467B}.Debug|x64.ActiveCfg = Debug|Any CPU
		{1EB5D7C7-48B0-4C54-AEC1-BAF4F300467B}.Debug|x64.Build.0 = Debug|Any CPU
		{1EB5D7C7-48B0-4C54-AEC1-BAF4F300467B}.Debug|x86.ActiveCfg = Debug|Any CPU
		{1EB5D7C7-48B0-4C54-AEC1-BAF4F300467B}.Debug|x86.Build.0 = Debug|Any CPU
		{1EB5D7C7-48B0-4C54-AEC1-BAF4F300467B}.Release|Any CPU.ActiveCfg = Release|Any CPU
		{1EB5D7C7-48B0-4C54-AEC1-BAF4F300467B}.Release|Any CPU.Build.0 = Release|Any CPU
		{1EB5D7C7-48B0-4C54-AEC1-BAF4F300467B}.Release|x64.ActiveCfg = Release|Any CPU
		{1EB5D7C7-48B0-4C54-AEC1-BAF4F300467B}.Release|x64.Build.0 = Release|Any CPU
		{1EB5D7C7-48B0-4C54-AEC1-BAF4F300467B}.Release|x86.ActiveCfg = Release|Any CPU
		{1EB5D7C7-48B0-4C54-AEC1-BAF4F300467B}.Release|x86.Build.0 = Release|Any CPU
		{23320563-044F-4B30-9337-466A96C11CC2}.Debug|Any CPU.ActiveCfg = Debug|Any CPU
		{23320563-044F-4B30-9337-466A96C11CC2}.Debug|Any CPU.Build.0 = Debug|Any CPU
		{23320563-044F-4B30-9337-466A96C11CC2}.Debug|x64.ActiveCfg = Debug|Any CPU
		{23320563-044F-4B30-9337-466A96C11CC2}.Debug|x64.Build.0 = Debug|Any CPU
		{23320563-044F-4B30-9337-466A96C11CC2}.Debug|x86.ActiveCfg = Debug|Any CPU
		{23320563-044F-4B30-9337-466A96C11CC2}.Debug|x86.Build.0 = Debug|Any CPU
		{23320563-044F-4B30-9337-466A96C11CC2}.Release|Any CPU.ActiveCfg = Release|Any CPU
		{23320563-044F-4B30-9337-466A96C11CC2}.Release|Any CPU.Build.0 = Release|Any CPU
		{23320563-044F-4B30-9337-466A96C11CC2}.Release|x64.ActiveCfg = Release|Any CPU
		{23320563-044F-4B30-9337-466A96C11CC2}.Release|x64.Build.0 = Release|Any CPU
		{23320563-044F-4B30-9337-466A96C11CC2}.Release|x86.ActiveCfg = Release|Any CPU
		{23320563-044F-4B30-9337-466A96C11CC2}.Release|x86.Build.0 = Release|Any CPU
		{ABD2F3DC-49E5-47DA-B478-88CD2BAD00F9}.Debug|Any CPU.ActiveCfg = Debug|Any CPU
		{ABD2F3DC-49E5-47DA-B478-88CD2BAD00F9}.Debug|Any CPU.Build.0 = Debug|Any CPU
		{ABD2F3DC-49E5-47DA-B478-88CD2BAD00F9}.Debug|x64.ActiveCfg = Debug|Any CPU
		{ABD2F3DC-49E5-47DA-B478-88CD2BAD00F9}.Debug|x64.Build.0 = Debug|Any CPU
		{ABD2F3DC-49E5-47DA-B478-88CD2BAD00F9}.Debug|x86.ActiveCfg = Debug|Any CPU
		{ABD2F3DC-49E5-47DA-B478-88CD2BAD00F9}.Debug|x86.Build.0 = Debug|Any CPU
		{ABD2F3DC-49E5-47DA-B478-88CD2BAD00F9}.Release|Any CPU.ActiveCfg = Release|Any CPU
		{ABD2F3DC-49E5-47DA-B478-88CD2BAD00F9}.Release|Any CPU.Build.0 = Release|Any CPU
		{ABD2F3DC-49E5-47DA-B478-88CD2BAD00F9}.Release|x64.ActiveCfg = Release|Any CPU
		{ABD2F3DC-49E5-47DA-B478-88CD2BAD00F9}.Release|x64.Build.0 = Release|Any CPU
		{ABD2F3DC-49E5-47DA-B478-88CD2BAD00F9}.Release|x86.ActiveCfg = Release|Any CPU
		{ABD2F3DC-49E5-47DA-B478-88CD2BAD00F9}.Release|x86.Build.0 = Release|Any CPU
		{1BCF3CA0-E0A2-4BA9-B010-DF614D881AFC}.Debug|Any CPU.ActiveCfg = Debug|Any CPU
		{1BCF3CA0-E0A2-4BA9-B010-DF614D881AFC}.Debug|Any CPU.Build.0 = Debug|Any CPU
		{1BCF3CA0-E0A2-4BA9-B010-DF614D881AFC}.Debug|x64.ActiveCfg = Debug|Any CPU
		{1BCF3CA0-E0A2-4BA9-B010-DF614D881AFC}.Debug|x64.Build.0 = Debug|Any CPU
		{1BCF3CA0-E0A2-4BA9-B010-DF614D881AFC}.Debug|x86.ActiveCfg = Debug|Any CPU
		{1BCF3CA0-E0A2-4BA9-B010-DF614D881AFC}.Debug|x86.Build.0 = Debug|Any CPU
		{1BCF3CA0-E0A2-4BA9-B010-DF614D881AFC}.Release|Any CPU.ActiveCfg = Release|Any CPU
		{1BCF3CA0-E0A2-4BA9-B010-DF614D881AFC}.Release|Any CPU.Build.0 = Release|Any CPU
		{1BCF3CA0-E0A2-4BA9-B010-DF614D881AFC}.Release|x64.ActiveCfg = Release|Any CPU
		{1BCF3CA0-E0A2-4BA9-B010-DF614D881AFC}.Release|x64.Build.0 = Release|Any CPU
		{1BCF3CA0-E0A2-4BA9-B010-DF614D881AFC}.Release|x86.ActiveCfg = Release|Any CPU
		{1BCF3CA0-E0A2-4BA9-B010-DF614D881AFC}.Release|x86.Build.0 = Release|Any CPU
		{8CD6D23B-87F8-4381-80BC-02AEB9389137}.Debug|Any CPU.ActiveCfg = Debug|Any CPU
		{8CD6D23B-87F8-4381-80BC-02AEB9389137}.Debug|Any CPU.Build.0 = Debug|Any CPU
		{8CD6D23B-87F8-4381-80BC-02AEB9389137}.Debug|x64.ActiveCfg = Debug|Any CPU
		{8CD6D23B-87F8-4381-80BC-02AEB9389137}.Debug|x64.Build.0 = Debug|Any CPU
		{8CD6D23B-87F8-4381-80BC-02AEB9389137}.Debug|x86.ActiveCfg = Debug|Any CPU
		{8CD6D23B-87F8-4381-80BC-02AEB9389137}.Debug|x86.Build.0 = Debug|Any CPU
		{8CD6D23B-87F8-4381-80BC-02AEB9389137}.Release|Any CPU.ActiveCfg = Release|Any CPU
		{8CD6D23B-87F8-4381-80BC-02AEB9389137}.Release|Any CPU.Build.0 = Release|Any CPU
		{8CD6D23B-87F8-4381-80BC-02AEB9389137}.Release|x64.ActiveCfg = Release|Any CPU
		{8CD6D23B-87F8-4381-80BC-02AEB9389137}.Release|x64.Build.0 = Release|Any CPU
		{8CD6D23B-87F8-4381-80BC-02AEB9389137}.Release|x86.ActiveCfg = Release|Any CPU
		{8CD6D23B-87F8-4381-80BC-02AEB9389137}.Release|x86.Build.0 = Release|Any CPU
		{9A10A3A0-EB29-4357-B128-3C7BB5A5722D}.Debug|Any CPU.ActiveCfg = Debug|Any CPU
		{9A10A3A0-EB29-4357-B128-3C7BB5A5722D}.Debug|Any CPU.Build.0 = Debug|Any CPU
		{9A10A3A0-EB29-4357-B128-3C7BB5A5722D}.Debug|x64.ActiveCfg = Debug|Any CPU
		{9A10A3A0-EB29-4357-B128-3C7BB5A5722D}.Debug|x64.Build.0 = Debug|Any CPU
		{9A10A3A0-EB29-4357-B128-3C7BB5A5722D}.Debug|x86.ActiveCfg = Debug|Any CPU
		{9A10A3A0-EB29-4357-B128-3C7BB5A5722D}.Debug|x86.Build.0 = Debug|Any CPU
		{9A10A3A0-EB29-4357-B128-3C7BB5A5722D}.Release|Any CPU.ActiveCfg = Release|Any CPU
		{9A10A3A0-EB29-4357-B128-3C7BB5A5722D}.Release|Any CPU.Build.0 = Release|Any CPU
		{9A10A3A0-EB29-4357-B128-3C7BB5A5722D}.Release|x64.ActiveCfg = Release|Any CPU
		{9A10A3A0-EB29-4357-B128-3C7BB5A5722D}.Release|x64.Build.0 = Release|Any CPU
		{9A10A3A0-EB29-4357-B128-3C7BB5A5722D}.Release|x86.ActiveCfg = Release|Any CPU
		{9A10A3A0-EB29-4357-B128-3C7BB5A5722D}.Release|x86.Build.0 = Release|Any CPU
		{EE25578A-D4E4-49AA-9924-59B9D6F111A9}.Debug|Any CPU.ActiveCfg = Debug|Any CPU
		{EE25578A-D4E4-49AA-9924-59B9D6F111A9}.Debug|Any CPU.Build.0 = Debug|Any CPU
		{EE25578A-D4E4-49AA-9924-59B9D6F111A9}.Debug|x64.ActiveCfg = Debug|Any CPU
		{EE25578A-D4E4-49AA-9924-59B9D6F111A9}.Debug|x64.Build.0 = Debug|Any CPU
		{EE25578A-D4E4-49AA-9924-59B9D6F111A9}.Debug|x86.ActiveCfg = Debug|Any CPU
		{EE25578A-D4E4-49AA-9924-59B9D6F111A9}.Debug|x86.Build.0 = Debug|Any CPU
		{EE25578A-D4E4-49AA-9924-59B9D6F111A9}.Release|Any CPU.ActiveCfg = Release|Any CPU
		{EE25578A-D4E4-49AA-9924-59B9D6F111A9}.Release|Any CPU.Build.0 = Release|Any CPU
		{EE25578A-D4E4-49AA-9924-59B9D6F111A9}.Release|x64.ActiveCfg = Release|Any CPU
		{EE25578A-D4E4-49AA-9924-59B9D6F111A9}.Release|x64.Build.0 = Release|Any CPU
		{EE25578A-D4E4-49AA-9924-59B9D6F111A9}.Release|x86.ActiveCfg = Release|Any CPU
		{EE25578A-D4E4-49AA-9924-59B9D6F111A9}.Release|x86.Build.0 = Release|Any CPU
		{75176571-785A-4875-AFA9-899822D04B86}.Debug|Any CPU.ActiveCfg = Debug|Any CPU
		{75176571-785A-4875-AFA9-899822D04B86}.Debug|Any CPU.Build.0 = Debug|Any CPU
		{75176571-785A-4875-AFA9-899822D04B86}.Debug|x64.ActiveCfg = Debug|Any CPU
		{75176571-785A-4875-AFA9-899822D04B86}.Debug|x64.Build.0 = Debug|Any CPU
		{75176571-785A-4875-AFA9-899822D04B86}.Debug|x86.ActiveCfg = Debug|Any CPU
		{75176571-785A-4875-AFA9-899822D04B86}.Debug|x86.Build.0 = Debug|Any CPU
		{75176571-785A-4875-AFA9-899822D04B86}.Release|Any CPU.ActiveCfg = Release|Any CPU
		{75176571-785A-4875-AFA9-899822D04B86}.Release|Any CPU.Build.0 = Release|Any CPU
		{75176571-785A-4875-AFA9-899822D04B86}.Release|x64.ActiveCfg = Release|Any CPU
		{75176571-785A-4875-AFA9-899822D04B86}.Release|x64.Build.0 = Release|Any CPU
		{75176571-785A-4875-AFA9-899822D04B86}.Release|x86.ActiveCfg = Release|Any CPU
		{75176571-785A-4875-AFA9-899822D04B86}.Release|x86.Build.0 = Release|Any CPU
		{60F557DA-6FD3-4C45-BCA1-8633610D50B9}.Debug|Any CPU.ActiveCfg = Debug|Any CPU
		{60F557DA-6FD3-4C45-BCA1-8633610D50B9}.Debug|Any CPU.Build.0 = Debug|Any CPU
		{60F557DA-6FD3-4C45-BCA1-8633610D50B9}.Debug|x64.ActiveCfg = Debug|Any CPU
		{60F557DA-6FD3-4C45-BCA1-8633610D50B9}.Debug|x64.Build.0 = Debug|Any CPU
		{60F557DA-6FD3-4C45-BCA1-8633610D50B9}.Debug|x86.ActiveCfg = Debug|Any CPU
		{60F557DA-6FD3-4C45-BCA1-8633610D50B9}.Debug|x86.Build.0 = Debug|Any CPU
		{60F557DA-6FD3-4C45-BCA1-8633610D50B9}.Release|Any CPU.ActiveCfg = Release|Any CPU
		{60F557DA-6FD3-4C45-BCA1-8633610D50B9}.Release|Any CPU.Build.0 = Release|Any CPU
		{60F557DA-6FD3-4C45-BCA1-8633610D50B9}.Release|x64.ActiveCfg = Release|Any CPU
		{60F557DA-6FD3-4C45-BCA1-8633610D50B9}.Release|x64.Build.0 = Release|Any CPU
		{60F557DA-6FD3-4C45-BCA1-8633610D50B9}.Release|x86.ActiveCfg = Release|Any CPU
		{60F557DA-6FD3-4C45-BCA1-8633610D50B9}.Release|x86.Build.0 = Release|Any CPU
		{F469A015-E0F2-42ED-8E89-55C9046ADE13}.Debug|Any CPU.ActiveCfg = Debug|Any CPU
		{F469A015-E0F2-42ED-8E89-55C9046ADE13}.Debug|Any CPU.Build.0 = Debug|Any CPU
		{F469A015-E0F2-42ED-8E89-55C9046ADE13}.Debug|x64.ActiveCfg = Debug|Any CPU
		{F469A015-E0F2-42ED-8E89-55C9046ADE13}.Debug|x64.Build.0 = Debug|Any CPU
		{F469A015-E0F2-42ED-8E89-55C9046ADE13}.Debug|x86.ActiveCfg = Debug|Any CPU
		{F469A015-E0F2-42ED-8E89-55C9046ADE13}.Debug|x86.Build.0 = Debug|Any CPU
		{F469A015-E0F2-42ED-8E89-55C9046ADE13}.Release|Any CPU.ActiveCfg = Release|Any CPU
		{F469A015-E0F2-42ED-8E89-55C9046ADE13}.Release|Any CPU.Build.0 = Release|Any CPU
		{F469A015-E0F2-42ED-8E89-55C9046ADE13}.Release|x64.ActiveCfg = Release|Any CPU
		{F469A015-E0F2-42ED-8E89-55C9046ADE13}.Release|x64.Build.0 = Release|Any CPU
		{F469A015-E0F2-42ED-8E89-55C9046ADE13}.Release|x86.ActiveCfg = Release|Any CPU
		{F469A015-E0F2-42ED-8E89-55C9046ADE13}.Release|x86.Build.0 = Release|Any CPU
		{75DAACDE-D7F2-483A-ABF6-0F2714617CE4}.Debug|Any CPU.ActiveCfg = Debug|Any CPU
		{75DAACDE-D7F2-483A-ABF6-0F2714617CE4}.Debug|Any CPU.Build.0 = Debug|Any CPU
		{75DAACDE-D7F2-483A-ABF6-0F2714617CE4}.Debug|x64.ActiveCfg = Debug|Any CPU
		{75DAACDE-D7F2-483A-ABF6-0F2714617CE4}.Debug|x64.Build.0 = Debug|Any CPU
		{75DAACDE-D7F2-483A-ABF6-0F2714617CE4}.Debug|x86.ActiveCfg = Debug|Any CPU
		{75DAACDE-D7F2-483A-ABF6-0F2714617CE4}.Debug|x86.Build.0 = Debug|Any CPU
		{75DAACDE-D7F2-483A-ABF6-0F2714617CE4}.Release|Any CPU.ActiveCfg = Release|Any CPU
		{75DAACDE-D7F2-483A-ABF6-0F2714617CE4}.Release|Any CPU.Build.0 = Release|Any CPU
		{75DAACDE-D7F2-483A-ABF6-0F2714617CE4}.Release|x64.ActiveCfg = Release|Any CPU
		{75DAACDE-D7F2-483A-ABF6-0F2714617CE4}.Release|x64.Build.0 = Release|Any CPU
		{75DAACDE-D7F2-483A-ABF6-0F2714617CE4}.Release|x86.ActiveCfg = Release|Any CPU
		{75DAACDE-D7F2-483A-ABF6-0F2714617CE4}.Release|x86.Build.0 = Release|Any CPU
		{1DC874B3-3958-4F22-94C9-DBAB998154E7}.Debug|Any CPU.ActiveCfg = Debug|Any CPU
		{1DC874B3-3958-4F22-94C9-DBAB998154E7}.Debug|Any CPU.Build.0 = Debug|Any CPU
		{1DC874B3-3958-4F22-94C9-DBAB998154E7}.Debug|x64.ActiveCfg = Debug|Any CPU
		{1DC874B3-3958-4F22-94C9-DBAB998154E7}.Debug|x64.Build.0 = Debug|Any CPU
		{1DC874B3-3958-4F22-94C9-DBAB998154E7}.Debug|x86.ActiveCfg = Debug|Any CPU
		{1DC874B3-3958-4F22-94C9-DBAB998154E7}.Debug|x86.Build.0 = Debug|Any CPU
		{1DC874B3-3958-4F22-94C9-DBAB998154E7}.Release|Any CPU.ActiveCfg = Release|Any CPU
		{1DC874B3-3958-4F22-94C9-DBAB998154E7}.Release|Any CPU.Build.0 = Release|Any CPU
		{1DC874B3-3958-4F22-94C9-DBAB998154E7}.Release|x64.ActiveCfg = Release|Any CPU
		{1DC874B3-3958-4F22-94C9-DBAB998154E7}.Release|x64.Build.0 = Release|Any CPU
		{1DC874B3-3958-4F22-94C9-DBAB998154E7}.Release|x86.ActiveCfg = Release|Any CPU
		{1DC874B3-3958-4F22-94C9-DBAB998154E7}.Release|x86.Build.0 = Release|Any CPU
		{BA3F6655-5591-4C6F-935E-D52AF09A3BBD}.Debug|Any CPU.ActiveCfg = Debug|Any CPU
		{BA3F6655-5591-4C6F-935E-D52AF09A3BBD}.Debug|Any CPU.Build.0 = Debug|Any CPU
		{BA3F6655-5591-4C6F-935E-D52AF09A3BBD}.Debug|x64.ActiveCfg = Debug|Any CPU
		{BA3F6655-5591-4C6F-935E-D52AF09A3BBD}.Debug|x64.Build.0 = Debug|Any CPU
		{BA3F6655-5591-4C6F-935E-D52AF09A3BBD}.Debug|x86.ActiveCfg = Debug|Any CPU
		{BA3F6655-5591-4C6F-935E-D52AF09A3BBD}.Debug|x86.Build.0 = Debug|Any CPU
		{BA3F6655-5591-4C6F-935E-D52AF09A3BBD}.Release|Any CPU.ActiveCfg = Release|Any CPU
		{BA3F6655-5591-4C6F-935E-D52AF09A3BBD}.Release|Any CPU.Build.0 = Release|Any CPU
		{BA3F6655-5591-4C6F-935E-D52AF09A3BBD}.Release|x64.ActiveCfg = Release|Any CPU
		{BA3F6655-5591-4C6F-935E-D52AF09A3BBD}.Release|x64.Build.0 = Release|Any CPU
		{BA3F6655-5591-4C6F-935E-D52AF09A3BBD}.Release|x86.ActiveCfg = Release|Any CPU
		{BA3F6655-5591-4C6F-935E-D52AF09A3BBD}.Release|x86.Build.0 = Release|Any CPU
		{CB66380A-CDE9-46CA-8B8A-AEE52EFB9834}.Debug|Any CPU.ActiveCfg = Debug|Any CPU
		{CB66380A-CDE9-46CA-8B8A-AEE52EFB9834}.Debug|Any CPU.Build.0 = Debug|Any CPU
		{CB66380A-CDE9-46CA-8B8A-AEE52EFB9834}.Debug|x64.ActiveCfg = Debug|Any CPU
		{CB66380A-CDE9-46CA-8B8A-AEE52EFB9834}.Debug|x64.Build.0 = Debug|Any CPU
		{CB66380A-CDE9-46CA-8B8A-AEE52EFB9834}.Debug|x86.ActiveCfg = Debug|Any CPU
		{CB66380A-CDE9-46CA-8B8A-AEE52EFB9834}.Debug|x86.Build.0 = Debug|Any CPU
		{CB66380A-CDE9-46CA-8B8A-AEE52EFB9834}.Release|Any CPU.ActiveCfg = Release|Any CPU
		{CB66380A-CDE9-46CA-8B8A-AEE52EFB9834}.Release|Any CPU.Build.0 = Release|Any CPU
		{CB66380A-CDE9-46CA-8B8A-AEE52EFB9834}.Release|x64.ActiveCfg = Release|Any CPU
		{CB66380A-CDE9-46CA-8B8A-AEE52EFB9834}.Release|x64.Build.0 = Release|Any CPU
		{CB66380A-CDE9-46CA-8B8A-AEE52EFB9834}.Release|x86.ActiveCfg = Release|Any CPU
		{CB66380A-CDE9-46CA-8B8A-AEE52EFB9834}.Release|x86.Build.0 = Release|Any CPU
		{A3F1FA53-37EB-42BE-A5AB-2E71DDF7D507}.Debug|Any CPU.ActiveCfg = Debug|Any CPU
		{A3F1FA53-37EB-42BE-A5AB-2E71DDF7D507}.Debug|Any CPU.Build.0 = Debug|Any CPU
		{A3F1FA53-37EB-42BE-A5AB-2E71DDF7D507}.Debug|x64.ActiveCfg = Debug|Any CPU
		{A3F1FA53-37EB-42BE-A5AB-2E71DDF7D507}.Debug|x64.Build.0 = Debug|Any CPU
		{A3F1FA53-37EB-42BE-A5AB-2E71DDF7D507}.Debug|x86.ActiveCfg = Debug|Any CPU
		{A3F1FA53-37EB-42BE-A5AB-2E71DDF7D507}.Debug|x86.Build.0 = Debug|Any CPU
		{A3F1FA53-37EB-42BE-A5AB-2E71DDF7D507}.Release|Any CPU.ActiveCfg = Release|Any CPU
		{A3F1FA53-37EB-42BE-A5AB-2E71DDF7D507}.Release|Any CPU.Build.0 = Release|Any CPU
		{A3F1FA53-37EB-42BE-A5AB-2E71DDF7D507}.Release|x64.ActiveCfg = Release|Any CPU
		{A3F1FA53-37EB-42BE-A5AB-2E71DDF7D507}.Release|x64.Build.0 = Release|Any CPU
		{A3F1FA53-37EB-42BE-A5AB-2E71DDF7D507}.Release|x86.ActiveCfg = Release|Any CPU
		{A3F1FA53-37EB-42BE-A5AB-2E71DDF7D507}.Release|x86.Build.0 = Release|Any CPU
		{C21B4618-84FC-4FA6-8BDE-D5799A3E8B8A}.Debug|Any CPU.ActiveCfg = Debug|Any CPU
		{C21B4618-84FC-4FA6-8BDE-D5799A3E8B8A}.Debug|Any CPU.Build.0 = Debug|Any CPU
		{C21B4618-84FC-4FA6-8BDE-D5799A3E8B8A}.Debug|x64.ActiveCfg = Debug|Any CPU
		{C21B4618-84FC-4FA6-8BDE-D5799A3E8B8A}.Debug|x64.Build.0 = Debug|Any CPU
		{C21B4618-84FC-4FA6-8BDE-D5799A3E8B8A}.Debug|x86.ActiveCfg = Debug|Any CPU
		{C21B4618-84FC-4FA6-8BDE-D5799A3E8B8A}.Debug|x86.Build.0 = Debug|Any CPU
		{C21B4618-84FC-4FA6-8BDE-D5799A3E8B8A}.Release|Any CPU.ActiveCfg = Release|Any CPU
		{C21B4618-84FC-4FA6-8BDE-D5799A3E8B8A}.Release|Any CPU.Build.0 = Release|Any CPU
		{C21B4618-84FC-4FA6-8BDE-D5799A3E8B8A}.Release|x64.ActiveCfg = Release|Any CPU
		{C21B4618-84FC-4FA6-8BDE-D5799A3E8B8A}.Release|x64.Build.0 = Release|Any CPU
		{C21B4618-84FC-4FA6-8BDE-D5799A3E8B8A}.Release|x86.ActiveCfg = Release|Any CPU
		{C21B4618-84FC-4FA6-8BDE-D5799A3E8B8A}.Release|x86.Build.0 = Release|Any CPU
		{0395D22A-87CB-46E6-93D4-B37D2D923489}.Debug|Any CPU.ActiveCfg = Debug|Any CPU
		{0395D22A-87CB-46E6-93D4-B37D2D923489}.Debug|Any CPU.Build.0 = Debug|Any CPU
		{0395D22A-87CB-46E6-93D4-B37D2D923489}.Debug|x64.ActiveCfg = Debug|Any CPU
		{0395D22A-87CB-46E6-93D4-B37D2D923489}.Debug|x64.Build.0 = Debug|Any CPU
		{0395D22A-87CB-46E6-93D4-B37D2D923489}.Debug|x86.ActiveCfg = Debug|Any CPU
		{0395D22A-87CB-46E6-93D4-B37D2D923489}.Debug|x86.Build.0 = Debug|Any CPU
		{0395D22A-87CB-46E6-93D4-B37D2D923489}.Release|Any CPU.ActiveCfg = Release|Any CPU
		{0395D22A-87CB-46E6-93D4-B37D2D923489}.Release|Any CPU.Build.0 = Release|Any CPU
		{0395D22A-87CB-46E6-93D4-B37D2D923489}.Release|x64.ActiveCfg = Release|Any CPU
		{0395D22A-87CB-46E6-93D4-B37D2D923489}.Release|x64.Build.0 = Release|Any CPU
		{0395D22A-87CB-46E6-93D4-B37D2D923489}.Release|x86.ActiveCfg = Release|Any CPU
		{0395D22A-87CB-46E6-93D4-B37D2D923489}.Release|x86.Build.0 = Release|Any CPU
		{AF8C378F-329C-44CC-BB6C-CD3D3B01C878}.Debug|Any CPU.ActiveCfg = Debug|Any CPU
		{AF8C378F-329C-44CC-BB6C-CD3D3B01C878}.Debug|Any CPU.Build.0 = Debug|Any CPU
		{AF8C378F-329C-44CC-BB6C-CD3D3B01C878}.Debug|x64.ActiveCfg = Debug|Any CPU
		{AF8C378F-329C-44CC-BB6C-CD3D3B01C878}.Debug|x64.Build.0 = Debug|Any CPU
		{AF8C378F-329C-44CC-BB6C-CD3D3B01C878}.Debug|x86.ActiveCfg = Debug|Any CPU
		{AF8C378F-329C-44CC-BB6C-CD3D3B01C878}.Debug|x86.Build.0 = Debug|Any CPU
		{AF8C378F-329C-44CC-BB6C-CD3D3B01C878}.Release|Any CPU.ActiveCfg = Release|Any CPU
		{AF8C378F-329C-44CC-BB6C-CD3D3B01C878}.Release|Any CPU.Build.0 = Release|Any CPU
		{AF8C378F-329C-44CC-BB6C-CD3D3B01C878}.Release|x64.ActiveCfg = Release|Any CPU
		{AF8C378F-329C-44CC-BB6C-CD3D3B01C878}.Release|x64.Build.0 = Release|Any CPU
		{AF8C378F-329C-44CC-BB6C-CD3D3B01C878}.Release|x86.ActiveCfg = Release|Any CPU
		{AF8C378F-329C-44CC-BB6C-CD3D3B01C878}.Release|x86.Build.0 = Release|Any CPU
		{E236F564-7E0D-44D4-BA6E-DBD326664C36}.Debug|Any CPU.ActiveCfg = Debug|Any CPU
		{E236F564-7E0D-44D4-BA6E-DBD326664C36}.Debug|Any CPU.Build.0 = Debug|Any CPU
		{E236F564-7E0D-44D4-BA6E-DBD326664C36}.Debug|x64.ActiveCfg = Debug|Any CPU
		{E236F564-7E0D-44D4-BA6E-DBD326664C36}.Debug|x64.Build.0 = Debug|Any CPU
		{E236F564-7E0D-44D4-BA6E-DBD326664C36}.Debug|x86.ActiveCfg = Debug|Any CPU
		{E236F564-7E0D-44D4-BA6E-DBD326664C36}.Debug|x86.Build.0 = Debug|Any CPU
		{E236F564-7E0D-44D4-BA6E-DBD326664C36}.Release|Any CPU.ActiveCfg = Release|Any CPU
		{E236F564-7E0D-44D4-BA6E-DBD326664C36}.Release|Any CPU.Build.0 = Release|Any CPU
		{E236F564-7E0D-44D4-BA6E-DBD326664C36}.Release|x64.ActiveCfg = Release|Any CPU
		{E236F564-7E0D-44D4-BA6E-DBD326664C36}.Release|x64.Build.0 = Release|Any CPU
		{E236F564-7E0D-44D4-BA6E-DBD326664C36}.Release|x86.ActiveCfg = Release|Any CPU
		{E236F564-7E0D-44D4-BA6E-DBD326664C36}.Release|x86.Build.0 = Release|Any CPU
		{F65CDFF2-ADA5-451A-BF41-79B4CB75663B}.Debug|Any CPU.ActiveCfg = Debug|Any CPU
		{F65CDFF2-ADA5-451A-BF41-79B4CB75663B}.Debug|Any CPU.Build.0 = Debug|Any CPU
		{F65CDFF2-ADA5-451A-BF41-79B4CB75663B}.Debug|x64.ActiveCfg = Debug|Any CPU
		{F65CDFF2-ADA5-451A-BF41-79B4CB75663B}.Debug|x64.Build.0 = Debug|Any CPU
		{F65CDFF2-ADA5-451A-BF41-79B4CB75663B}.Debug|x86.ActiveCfg = Debug|Any CPU
		{F65CDFF2-ADA5-451A-BF41-79B4CB75663B}.Debug|x86.Build.0 = Debug|Any CPU
		{F65CDFF2-ADA5-451A-BF41-79B4CB75663B}.Release|Any CPU.ActiveCfg = Release|Any CPU
		{F65CDFF2-ADA5-451A-BF41-79B4CB75663B}.Release|Any CPU.Build.0 = Release|Any CPU
		{F65CDFF2-ADA5-451A-BF41-79B4CB75663B}.Release|x64.ActiveCfg = Release|Any CPU
		{F65CDFF2-ADA5-451A-BF41-79B4CB75663B}.Release|x64.Build.0 = Release|Any CPU
		{F65CDFF2-ADA5-451A-BF41-79B4CB75663B}.Release|x86.ActiveCfg = Release|Any CPU
		{F65CDFF2-ADA5-451A-BF41-79B4CB75663B}.Release|x86.Build.0 = Release|Any CPU
		{BB7E193F-525D-4063-8EC5-96BD651818E5}.Debug|Any CPU.ActiveCfg = Debug|Any CPU
		{BB7E193F-525D-4063-8EC5-96BD651818E5}.Debug|Any CPU.Build.0 = Debug|Any CPU
		{BB7E193F-525D-4063-8EC5-96BD651818E5}.Debug|x64.ActiveCfg = Debug|Any CPU
		{BB7E193F-525D-4063-8EC5-96BD651818E5}.Debug|x64.Build.0 = Debug|Any CPU
		{BB7E193F-525D-4063-8EC5-96BD651818E5}.Debug|x86.ActiveCfg = Debug|Any CPU
		{BB7E193F-525D-4063-8EC5-96BD651818E5}.Debug|x86.Build.0 = Debug|Any CPU
		{BB7E193F-525D-4063-8EC5-96BD651818E5}.Release|Any CPU.ActiveCfg = Release|Any CPU
		{BB7E193F-525D-4063-8EC5-96BD651818E5}.Release|Any CPU.Build.0 = Release|Any CPU
		{BB7E193F-525D-4063-8EC5-96BD651818E5}.Release|x64.ActiveCfg = Release|Any CPU
		{BB7E193F-525D-4063-8EC5-96BD651818E5}.Release|x64.Build.0 = Release|Any CPU
		{BB7E193F-525D-4063-8EC5-96BD651818E5}.Release|x86.ActiveCfg = Release|Any CPU
		{BB7E193F-525D-4063-8EC5-96BD651818E5}.Release|x86.Build.0 = Release|Any CPU
		{49EB325F-8E20-47A2-A69D-F295364F925B}.Debug|Any CPU.ActiveCfg = Debug|Any CPU
		{49EB325F-8E20-47A2-A69D-F295364F925B}.Debug|Any CPU.Build.0 = Debug|Any CPU
		{49EB325F-8E20-47A2-A69D-F295364F925B}.Debug|x64.ActiveCfg = Debug|Any CPU
		{49EB325F-8E20-47A2-A69D-F295364F925B}.Debug|x64.Build.0 = Debug|Any CPU
		{49EB325F-8E20-47A2-A69D-F295364F925B}.Debug|x86.ActiveCfg = Debug|Any CPU
		{49EB325F-8E20-47A2-A69D-F295364F925B}.Debug|x86.Build.0 = Debug|Any CPU
		{49EB325F-8E20-47A2-A69D-F295364F925B}.Release|Any CPU.ActiveCfg = Release|Any CPU
		{49EB325F-8E20-47A2-A69D-F295364F925B}.Release|Any CPU.Build.0 = Release|Any CPU
		{49EB325F-8E20-47A2-A69D-F295364F925B}.Release|x64.ActiveCfg = Release|Any CPU
		{49EB325F-8E20-47A2-A69D-F295364F925B}.Release|x64.Build.0 = Release|Any CPU
		{49EB325F-8E20-47A2-A69D-F295364F925B}.Release|x86.ActiveCfg = Release|Any CPU
		{49EB325F-8E20-47A2-A69D-F295364F925B}.Release|x86.Build.0 = Release|Any CPU
		{2B4F1F95-C1D6-4CAF-9617-BB0D0CF62705}.Debug|Any CPU.ActiveCfg = Debug|Any CPU
		{2B4F1F95-C1D6-4CAF-9617-BB0D0CF62705}.Debug|Any CPU.Build.0 = Debug|Any CPU
		{2B4F1F95-C1D6-4CAF-9617-BB0D0CF62705}.Debug|x64.ActiveCfg = Debug|Any CPU
		{2B4F1F95-C1D6-4CAF-9617-BB0D0CF62705}.Debug|x64.Build.0 = Debug|Any CPU
		{2B4F1F95-C1D6-4CAF-9617-BB0D0CF62705}.Debug|x86.ActiveCfg = Debug|Any CPU
		{2B4F1F95-C1D6-4CAF-9617-BB0D0CF62705}.Debug|x86.Build.0 = Debug|Any CPU
		{2B4F1F95-C1D6-4CAF-9617-BB0D0CF62705}.Release|Any CPU.ActiveCfg = Release|Any CPU
		{2B4F1F95-C1D6-4CAF-9617-BB0D0CF62705}.Release|Any CPU.Build.0 = Release|Any CPU
		{2B4F1F95-C1D6-4CAF-9617-BB0D0CF62705}.Release|x64.ActiveCfg = Release|Any CPU
		{2B4F1F95-C1D6-4CAF-9617-BB0D0CF62705}.Release|x64.Build.0 = Release|Any CPU
		{2B4F1F95-C1D6-4CAF-9617-BB0D0CF62705}.Release|x86.ActiveCfg = Release|Any CPU
		{2B4F1F95-C1D6-4CAF-9617-BB0D0CF62705}.Release|x86.Build.0 = Release|Any CPU
		{22F71578-82C9-4D86-A730-8A0DAD7B6904}.Debug|Any CPU.ActiveCfg = Debug|Any CPU
		{22F71578-82C9-4D86-A730-8A0DAD7B6904}.Debug|Any CPU.Build.0 = Debug|Any CPU
		{22F71578-82C9-4D86-A730-8A0DAD7B6904}.Debug|x64.ActiveCfg = Debug|Any CPU
		{22F71578-82C9-4D86-A730-8A0DAD7B6904}.Debug|x64.Build.0 = Debug|Any CPU
		{22F71578-82C9-4D86-A730-8A0DAD7B6904}.Debug|x86.ActiveCfg = Debug|Any CPU
		{22F71578-82C9-4D86-A730-8A0DAD7B6904}.Debug|x86.Build.0 = Debug|Any CPU
		{22F71578-82C9-4D86-A730-8A0DAD7B6904}.Release|Any CPU.ActiveCfg = Release|Any CPU
		{22F71578-82C9-4D86-A730-8A0DAD7B6904}.Release|Any CPU.Build.0 = Release|Any CPU
		{22F71578-82C9-4D86-A730-8A0DAD7B6904}.Release|x64.ActiveCfg = Release|Any CPU
		{22F71578-82C9-4D86-A730-8A0DAD7B6904}.Release|x64.Build.0 = Release|Any CPU
		{22F71578-82C9-4D86-A730-8A0DAD7B6904}.Release|x86.ActiveCfg = Release|Any CPU
		{22F71578-82C9-4D86-A730-8A0DAD7B6904}.Release|x86.Build.0 = Release|Any CPU
		{AB432BE0-B1CE-4B6F-9FFF-463510541B75}.Debug|Any CPU.ActiveCfg = Debug|Any CPU
		{AB432BE0-B1CE-4B6F-9FFF-463510541B75}.Debug|Any CPU.Build.0 = Debug|Any CPU
		{AB432BE0-B1CE-4B6F-9FFF-463510541B75}.Debug|x64.ActiveCfg = Debug|Any CPU
		{AB432BE0-B1CE-4B6F-9FFF-463510541B75}.Debug|x64.Build.0 = Debug|Any CPU
		{AB432BE0-B1CE-4B6F-9FFF-463510541B75}.Debug|x86.ActiveCfg = Debug|Any CPU
		{AB432BE0-B1CE-4B6F-9FFF-463510541B75}.Debug|x86.Build.0 = Debug|Any CPU
		{AB432BE0-B1CE-4B6F-9FFF-463510541B75}.Release|Any CPU.ActiveCfg = Release|Any CPU
		{AB432BE0-B1CE-4B6F-9FFF-463510541B75}.Release|Any CPU.Build.0 = Release|Any CPU
		{AB432BE0-B1CE-4B6F-9FFF-463510541B75}.Release|x64.ActiveCfg = Release|Any CPU
		{AB432BE0-B1CE-4B6F-9FFF-463510541B75}.Release|x64.Build.0 = Release|Any CPU
		{AB432BE0-B1CE-4B6F-9FFF-463510541B75}.Release|x86.ActiveCfg = Release|Any CPU
		{AB432BE0-B1CE-4B6F-9FFF-463510541B75}.Release|x86.Build.0 = Release|Any CPU
		{61287598-2B1D-433D-AE68-6B7FFA47C3AA}.Debug|Any CPU.ActiveCfg = Debug|Any CPU
		{61287598-2B1D-433D-AE68-6B7FFA47C3AA}.Debug|Any CPU.Build.0 = Debug|Any CPU
		{61287598-2B1D-433D-AE68-6B7FFA47C3AA}.Debug|x64.ActiveCfg = Debug|Any CPU
		{61287598-2B1D-433D-AE68-6B7FFA47C3AA}.Debug|x64.Build.0 = Debug|Any CPU
		{61287598-2B1D-433D-AE68-6B7FFA47C3AA}.Debug|x86.ActiveCfg = Debug|Any CPU
		{61287598-2B1D-433D-AE68-6B7FFA47C3AA}.Debug|x86.Build.0 = Debug|Any CPU
		{61287598-2B1D-433D-AE68-6B7FFA47C3AA}.Release|Any CPU.ActiveCfg = Release|Any CPU
		{61287598-2B1D-433D-AE68-6B7FFA47C3AA}.Release|Any CPU.Build.0 = Release|Any CPU
		{61287598-2B1D-433D-AE68-6B7FFA47C3AA}.Release|x64.ActiveCfg = Release|Any CPU
		{61287598-2B1D-433D-AE68-6B7FFA47C3AA}.Release|x64.Build.0 = Release|Any CPU
		{61287598-2B1D-433D-AE68-6B7FFA47C3AA}.Release|x86.ActiveCfg = Release|Any CPU
		{61287598-2B1D-433D-AE68-6B7FFA47C3AA}.Release|x86.Build.0 = Release|Any CPU
		{F3C591B2-7D4E-40A9-C3B2-5E6F708190A1}.Debug|Any CPU.ActiveCfg = Debug|Any CPU
		{F3C591B2-7D4E-40A9-C3B2-5E6F708190A1}.Debug|Any CPU.Build.0 = Debug|Any CPU
		{F3C591B2-7D4E-40A9-C3B2-5E6F708190A1}.Debug|x64.ActiveCfg = Debug|Any CPU
		{F3C591B2-7D4E-40A9-C3B2-5E6F708190A1}.Debug|x64.Build.0 = Debug|Any CPU
		{F3C591B2-7D4E-40A9-C3B2-5E6F708190A1}.Debug|x86.ActiveCfg = Debug|Any CPU
		{F3C591B2-7D4E-40A9-C3B2-5E6F708190A1}.Debug|x86.Build.0 = Debug|Any CPU
		{F3C591B2-7D4E-40A9-C3B2-5E6F708190A1}.Release|Any CPU.ActiveCfg = Release|Any CPU
		{F3C591B2-7D4E-40A9-C3B2-5E6F708190A1}.Release|Any CPU.Build.0 = Release|Any CPU
		{F3C591B2-7D4E-40A9-C3B2-5E6F708190A1}.Release|x64.ActiveCfg = Release|Any CPU
		{F3C591B2-7D4E-40A9-C3B2-5E6F708190A1}.Release|x64.Build.0 = Release|Any CPU
		{F3C591B2-7D4E-40A9-C3B2-5E6F708190A1}.Release|x86.ActiveCfg = Release|Any CPU
		{F3C591B2-7D4E-40A9-C3B2-5E6F708190A1}.Release|x86.Build.0 = Release|Any CPU
		{04D6A2C3-8E5F-41BA-D4C3-6F708190A2B2}.Debug|Any CPU.ActiveCfg = Debug|Any CPU
		{04D6A2C3-8E5F-41BA-D4C3-6F708190A2B2}.Debug|Any CPU.Build.0 = Debug|Any CPU
		{04D6A2C3-8E5F-41BA-D4C3-6F708190A2B2}.Debug|x64.ActiveCfg = Debug|Any CPU
		{04D6A2C3-8E5F-41BA-D4C3-6F708190A2B2}.Debug|x64.Build.0 = Debug|Any CPU
		{04D6A2C3-8E5F-41BA-D4C3-6F708190A2B2}.Debug|x86.ActiveCfg = Debug|Any CPU
		{04D6A2C3-8E5F-41BA-D4C3-6F708190A2B2}.Debug|x86.Build.0 = Debug|Any CPU
		{04D6A2C3-8E5F-41BA-D4C3-6F708190A2B2}.Release|Any CPU.ActiveCfg = Release|Any CPU
		{04D6A2C3-8E5F-41BA-D4C3-6F708190A2B2}.Release|Any CPU.Build.0 = Release|Any CPU
		{04D6A2C3-8E5F-41BA-D4C3-6F708190A2B2}.Release|x64.ActiveCfg = Release|Any CPU
		{04D6A2C3-8E5F-41BA-D4C3-6F708190A2B2}.Release|x64.Build.0 = Release|Any CPU
		{04D6A2C3-8E5F-41BA-D4C3-6F708190A2B2}.Release|x86.ActiveCfg = Release|Any CPU
		{04D6A2C3-8E5F-41BA-D4C3-6F708190A2B2}.Release|x86.Build.0 = Release|Any CPU
		{15E7B3D4-9F60-42CB-E5D4-708190A3B3C3}.Debug|Any CPU.ActiveCfg = Debug|Any CPU
		{15E7B3D4-9F60-42CB-E5D4-708190A3B3C3}.Debug|Any CPU.Build.0 = Debug|Any CPU
		{15E7B3D4-9F60-42CB-E5D4-708190A3B3C3}.Debug|x64.ActiveCfg = Debug|Any CPU
		{15E7B3D4-9F60-42CB-E5D4-708190A3B3C3}.Debug|x64.Build.0 = Debug|Any CPU
		{15E7B3D4-9F60-42CB-E5D4-708190A3B3C3}.Debug|x86.ActiveCfg = Debug|Any CPU
		{15E7B3D4-9F60-42CB-E5D4-708190A3B3C3}.Debug|x86.Build.0 = Debug|Any CPU
		{15E7B3D4-9F60-42CB-E5D4-708190A3B3C3}.Release|Any CPU.ActiveCfg = Release|Any CPU
		{15E7B3D4-9F60-42CB-E5D4-708190A3B3C3}.Release|Any CPU.Build.0 = Release|Any CPU
		{15E7B3D4-9F60-42CB-E5D4-708190A3B3C3}.Release|x64.ActiveCfg = Release|Any CPU
		{15E7B3D4-9F60-42CB-E5D4-708190A3B3C3}.Release|x64.Build.0 = Release|Any CPU
		{15E7B3D4-9F60-42CB-E5D4-708190A3B3C3}.Release|x86.ActiveCfg = Release|Any CPU
		{15E7B3D4-9F60-42CB-E5D4-708190A3B3C3}.Release|x86.Build.0 = Release|Any CPU
		{26F8C4E5-A071-43DC-F6E5-8190A4B4C4D4}.Debug|Any CPU.ActiveCfg = Debug|Any CPU
		{26F8C4E5-A071-43DC-F6E5-8190A4B4C4D4}.Debug|Any CPU.Build.0 = Debug|Any CPU
		{26F8C4E5-A071-43DC-F6E5-8190A4B4C4D4}.Debug|x64.ActiveCfg = Debug|Any CPU
		{26F8C4E5-A071-43DC-F6E5-8190A4B4C4D4}.Debug|x64.Build.0 = Debug|Any CPU
		{26F8C4E5-A071-43DC-F6E5-8190A4B4C4D4}.Debug|x86.ActiveCfg = Debug|Any CPU
		{26F8C4E5-A071-43DC-F6E5-8190A4B4C4D4}.Debug|x86.Build.0 = Debug|Any CPU
		{26F8C4E5-A071-43DC-F6E5-8190A4B4C4D4}.Release|Any CPU.ActiveCfg = Release|Any CPU
		{26F8C4E5-A071-43DC-F6E5-8190A4B4C4D4}.Release|Any CPU.Build.0 = Release|Any CPU
		{26F8C4E5-A071-43DC-F6E5-8190A4B4C4D4}.Release|x64.ActiveCfg = Release|Any CPU
		{26F8C4E5-A071-43DC-F6E5-8190A4B4C4D4}.Release|x64.Build.0 = Release|Any CPU
		{26F8C4E5-A071-43DC-F6E5-8190A4B4C4D4}.Release|x86.ActiveCfg = Release|Any CPU
		{26F8C4E5-A071-43DC-F6E5-8190A4B4C4D4}.Release|x86.Build.0 = Release|Any CPU
		{3790D5F6-B182-44ED-A7F6-9201B5C5D5E5}.Debug|Any CPU.ActiveCfg = Debug|Any CPU
		{3790D5F6-B182-44ED-A7F6-9201B5C5D5E5}.Debug|Any CPU.Build.0 = Debug|Any CPU
		{3790D5F6-B182-44ED-A7F6-9201B5C5D5E5}.Debug|x64.ActiveCfg = Debug|Any CPU
		{3790D5F6-B182-44ED-A7F6-9201B5C5D5E5}.Debug|x64.Build.0 = Debug|Any CPU
		{3790D5F6-B182-44ED-A7F6-9201B5C5D5E5}.Debug|x86.ActiveCfg = Debug|Any CPU
		{3790D5F6-B182-44ED-A7F6-9201B5C5D5E5}.Debug|x86.Build.0 = Debug|Any CPU
		{3790D5F6-B182-44ED-A7F6-9201B5C5D5E5}.Release|Any CPU.ActiveCfg = Release|Any CPU
		{3790D5F6-B182-44ED-A7F6-9201B5C5D5E5}.Release|Any CPU.Build.0 = Release|Any CPU
		{3790D5F6-B182-44ED-A7F6-9201B5C5D5E5}.Release|x64.ActiveCfg = Release|Any CPU
		{3790D5F6-B182-44ED-A7F6-9201B5C5D5E5}.Release|x64.Build.0 = Release|Any CPU
		{3790D5F6-B182-44ED-A7F6-9201B5C5D5E5}.Release|x86.ActiveCfg = Release|Any CPU
		{3790D5F6-B182-44ED-A7F6-9201B5C5D5E5}.Release|x86.Build.0 = Release|Any CPU
		{A0FC075B-DA47-4780-AB8A-AEBDB5A6FF7C}.Debug|Any CPU.ActiveCfg = Debug|Any CPU
		{A0FC075B-DA47-4780-AB8A-AEBDB5A6FF7C}.Debug|Any CPU.Build.0 = Debug|Any CPU
		{A0FC075B-DA47-4780-AB8A-AEBDB5A6FF7C}.Debug|x64.ActiveCfg = Debug|Any CPU
		{A0FC075B-DA47-4780-AB8A-AEBDB5A6FF7C}.Debug|x64.Build.0 = Debug|Any CPU
		{A0FC075B-DA47-4780-AB8A-AEBDB5A6FF7C}.Debug|x86.ActiveCfg = Debug|Any CPU
		{A0FC075B-DA47-4780-AB8A-AEBDB5A6FF7C}.Debug|x86.Build.0 = Debug|Any CPU
		{A0FC075B-DA47-4780-AB8A-AEBDB5A6FF7C}.Release|Any CPU.ActiveCfg = Release|Any CPU
		{A0FC075B-DA47-4780-AB8A-AEBDB5A6FF7C}.Release|Any CPU.Build.0 = Release|Any CPU
		{A0FC075B-DA47-4780-AB8A-AEBDB5A6FF7C}.Release|x64.ActiveCfg = Release|Any CPU
		{A0FC075B-DA47-4780-AB8A-AEBDB5A6FF7C}.Release|x64.Build.0 = Release|Any CPU
		{A0FC075B-DA47-4780-AB8A-AEBDB5A6FF7C}.Release|x86.ActiveCfg = Release|Any CPU
		{A0FC075B-DA47-4780-AB8A-AEBDB5A6FF7C}.Release|x86.Build.0 = Release|Any CPU
		{93B0C4CE-6022-4B0A-9DED-A2A1115D27FC}.Debug|Any CPU.ActiveCfg = Debug|Any CPU
		{93B0C4CE-6022-4B0A-9DED-A2A1115D27FC}.Debug|Any CPU.Build.0 = Debug|Any CPU
		{93B0C4CE-6022-4B0A-9DED-A2A1115D27FC}.Debug|x64.ActiveCfg = Debug|Any CPU
		{93B0C4CE-6022-4B0A-9DED-A2A1115D27FC}.Debug|x64.Build.0 = Debug|Any CPU
		{93B0C4CE-6022-4B0A-9DED-A2A1115D27FC}.Debug|x86.ActiveCfg = Debug|Any CPU
		{93B0C4CE-6022-4B0A-9DED-A2A1115D27FC}.Debug|x86.Build.0 = Debug|Any CPU
		{93B0C4CE-6022-4B0A-9DED-A2A1115D27FC}.Release|Any CPU.ActiveCfg = Release|Any CPU
		{93B0C4CE-6022-4B0A-9DED-A2A1115D27FC}.Release|Any CPU.Build.0 = Release|Any CPU
		{93B0C4CE-6022-4B0A-9DED-A2A1115D27FC}.Release|x64.ActiveCfg = Release|Any CPU
		{93B0C4CE-6022-4B0A-9DED-A2A1115D27FC}.Release|x64.Build.0 = Release|Any CPU
		{93B0C4CE-6022-4B0A-9DED-A2A1115D27FC}.Release|x86.ActiveCfg = Release|Any CPU
		{93B0C4CE-6022-4B0A-9DED-A2A1115D27FC}.Release|x86.Build.0 = Release|Any CPU
		{3F4108EB-2579-4042-AF8C-5DA1EC8EACF1}.Debug|Any CPU.ActiveCfg = Debug|Any CPU
		{3F4108EB-2579-4042-AF8C-5DA1EC8EACF1}.Debug|Any CPU.Build.0 = Debug|Any CPU
		{3F4108EB-2579-4042-AF8C-5DA1EC8EACF1}.Debug|x64.ActiveCfg = Debug|Any CPU
		{3F4108EB-2579-4042-AF8C-5DA1EC8EACF1}.Debug|x64.Build.0 = Debug|Any CPU
		{3F4108EB-2579-4042-AF8C-5DA1EC8EACF1}.Debug|x86.ActiveCfg = Debug|Any CPU
		{3F4108EB-2579-4042-AF8C-5DA1EC8EACF1}.Debug|x86.Build.0 = Debug|Any CPU
		{3F4108EB-2579-4042-AF8C-5DA1EC8EACF1}.Release|Any CPU.ActiveCfg = Release|Any CPU
		{3F4108EB-2579-4042-AF8C-5DA1EC8EACF1}.Release|Any CPU.Build.0 = Release|Any CPU
		{3F4108EB-2579-4042-AF8C-5DA1EC8EACF1}.Release|x64.ActiveCfg = Release|Any CPU
		{3F4108EB-2579-4042-AF8C-5DA1EC8EACF1}.Release|x64.Build.0 = Release|Any CPU
		{3F4108EB-2579-4042-AF8C-5DA1EC8EACF1}.Release|x86.ActiveCfg = Release|Any CPU
		{3F4108EB-2579-4042-AF8C-5DA1EC8EACF1}.Release|x86.Build.0 = Release|Any CPU
	EndGlobalSection
	GlobalSection(SolutionProperties) = preSolution
		HideSolutionNode = FALSE
	EndGlobalSection
	GlobalSection(NestedProjects) = preSolution
		{757A6AA4-40F3-40AE-903F-5273B26EA9CF} = {8F025AEF-1C15-45B3-9FB6-E3BAFA640C60}
		{DBD880A3-EDD6-4E0E-80F4-78C0F7D53AEF} = {757A6AA4-40F3-40AE-903F-5273B26EA9CF}
		{46902691-B19B-4880-9B70-FD8131C31B87} = {757A6AA4-40F3-40AE-903F-5273B26EA9CF}
		{B9A8D1C2-8D5D-4E3B-8E02-1A9D4C5E8F11} = {757A6AA4-40F3-40AE-903F-5273B26EA9CF}
		{A16700CA-1B23-4CF2-862B-276A29E2372F} = {757A6AA4-40F3-40AE-903F-5273B26EA9CF}
		{E6FF6A15-26F4-4851-B342-77AF78EC5FC9} = {8F025AEF-1C15-45B3-9FB6-E3BAFA640C60}
		{B5617359-45DB-456E-B5BB-5B9A20A9E49A} = {00ECCD11-1CF7-41E9-AC3E-C5D458EC16CD}
		{C08BB0AA-F0E4-49CE-8864-6348C49D4B4D} = {757A6AA4-40F3-40AE-903F-5273B26EA9CF}
		{8F8D80D6-3DEA-4A11-947D-AC5C7EA00187} = {8F025AEF-1C15-45B3-9FB6-E3BAFA640C60}
		{AB9694BC-F419-46DD-8B96-5D3086153E7B} = {8F8D80D6-3DEA-4A11-947D-AC5C7EA00187}
		{08750553-B1D9-443F-8E4B-2EE5916594BA} = {AB9694BC-F419-46DD-8B96-5D3086153E7B}
		{7DD0935F-CB4B-4711-81A2-C26C861A08E8} = {AB9694BC-F419-46DD-8B96-5D3086153E7B}
		{EB2234B0-0018-456F-B7DF-E2A53B193702} = {AB9694BC-F419-46DD-8B96-5D3086153E7B}
		{3EEABAC2-3740-4904-93DC-75E981673E03} = {AB9694BC-F419-46DD-8B96-5D3086153E7B}
		{3216E1E0-7019-4319-B813-369DAD98A347} = {00ECCD11-1CF7-41E9-AC3E-C5D458EC16CD}
		{0C7F70FC-4694-4221-9FB1-67588E50EB0E} = {3216E1E0-7019-4319-B813-369DAD98A347}
		{EFB7B193-DFC6-4920-AAA3-988D53A71495} = {0C7F70FC-4694-4221-9FB1-67588E50EB0E}
		{21CE9445-75F1-4DFC-8D1A-8B1871376889} = {AB9694BC-F419-46DD-8B96-5D3086153E7B}
		{D4C5EB0E-047F-48DE-8695-7C305AE16B25} = {0C7F70FC-4694-4221-9FB1-67588E50EB0E}
		{07B6DB1E-CB87-4FC4-9387-2F0AD80CECE3} = {00ECCD11-1CF7-41E9-AC3E-C5D458EC16CD}
		{4C92CFCC-B4D5-4E12-8114-3AB06959C079} = {8F8D80D6-3DEA-4A11-947D-AC5C7EA00187}
		{49B55423-84EF-47AE-A26A-38F34CA2477D} = {4C92CFCC-B4D5-4E12-8114-3AB06959C079}
		{76FC255A-DA7B-4649-9ED1-52AD0368D96F} = {4C92CFCC-B4D5-4E12-8114-3AB06959C079}
		{2A83D49C-77B2-453C-9991-51880CDC2D13} = {4C92CFCC-B4D5-4E12-8114-3AB06959C079}
		{1EB5D7C7-48B0-4C54-AEC1-BAF4F300467B} = {4C92CFCC-B4D5-4E12-8114-3AB06959C079}
		{23320563-044F-4B30-9337-466A96C11CC2} = {4C92CFCC-B4D5-4E12-8114-3AB06959C079}
		{9498FB9E-6E76-4850-9614-F00674DB0A36} = {3216E1E0-7019-4319-B813-369DAD98A347}
		{ABD2F3DC-49E5-47DA-B478-88CD2BAD00F9} = {9498FB9E-6E76-4850-9614-F00674DB0A36}
		{1BCF3CA0-E0A2-4BA9-B010-DF614D881AFC} = {9498FB9E-6E76-4850-9614-F00674DB0A36}
		{FD8720DD-3A6A-4BD8-A9A6-66FC58916856} = {8F8D80D6-3DEA-4A11-947D-AC5C7EA00187}
		{8CD6D23B-87F8-4381-80BC-02AEB9389137} = {FD8720DD-3A6A-4BD8-A9A6-66FC58916856}
		{9A10A3A0-EB29-4357-B128-3C7BB5A5722D} = {FD8720DD-3A6A-4BD8-A9A6-66FC58916856}
		{EE25578A-D4E4-49AA-9924-59B9D6F111A9} = {FD8720DD-3A6A-4BD8-A9A6-66FC58916856}
		{75176571-785A-4875-AFA9-899822D04B86} = {FD8720DD-3A6A-4BD8-A9A6-66FC58916856}
		{60F557DA-6FD3-4C45-BCA1-8633610D50B9} = {FD8720DD-3A6A-4BD8-A9A6-66FC58916856}
		{BAA0BCB9-B338-4EE8-8345-BE50D21A7797} = {3216E1E0-7019-4319-B813-369DAD98A347}
		{F469A015-E0F2-42ED-8E89-55C9046ADE13} = {BAA0BCB9-B338-4EE8-8345-BE50D21A7797}
		{75DAACDE-D7F2-483A-ABF6-0F2714617CE4} = {BAA0BCB9-B338-4EE8-8345-BE50D21A7797}
		{1DC874B3-3958-4F22-94C9-DBAB998154E7} = {BAA0BCB9-B338-4EE8-8345-BE50D21A7797}
		{BA3F6655-5591-4C6F-935E-D52AF09A3BBD} = {1C1C1F59-D47C-4C07-9812-0D165731FA7D}
		{1C1C1F59-D47C-4C07-9812-0D165731FA7D} = {8F8D80D6-3DEA-4A11-947D-AC5C7EA00187}
		{CB66380A-CDE9-46CA-8B8A-AEE52EFB9834} = {1C1C1F59-D47C-4C07-9812-0D165731FA7D}
		{A3F1FA53-37EB-42BE-A5AB-2E71DDF7D507} = {1C1C1F59-D47C-4C07-9812-0D165731FA7D}
		{C21B4618-84FC-4FA6-8BDE-D5799A3E8B8A} = {1C1C1F59-D47C-4C07-9812-0D165731FA7D}
		{0395D22A-87CB-46E6-93D4-B37D2D923489} = {1C1C1F59-D47C-4C07-9812-0D165731FA7D}
		{A276A37D-9F14-4CBD-B28D-8B0965157121} = {3216E1E0-7019-4319-B813-369DAD98A347}
		{AF8C378F-329C-44CC-BB6C-CD3D3B01C878} = {A276A37D-9F14-4CBD-B28D-8B0965157121}
		{E236F564-7E0D-44D4-BA6E-DBD326664C36} = {A276A37D-9F14-4CBD-B28D-8B0965157121}
		{C66D5753-2B74-410F-8B15-3F42EE6FCFCF} = {8F8D80D6-3DEA-4A11-947D-AC5C7EA00187}
		{F65CDFF2-ADA5-451A-BF41-79B4CB75663B} = {C66D5753-2B74-410F-8B15-3F42EE6FCFCF}
		{BB7E193F-525D-4063-8EC5-96BD651818E5} = {C66D5753-2B74-410F-8B15-3F42EE6FCFCF}
		{49EB325F-8E20-47A2-A69D-F295364F925B} = {C66D5753-2B74-410F-8B15-3F42EE6FCFCF}
		{2B4F1F95-C1D6-4CAF-9617-BB0D0CF62705} = {C66D5753-2B74-410F-8B15-3F42EE6FCFCF}
		{22F71578-82C9-4D86-A730-8A0DAD7B6904} = {C66D5753-2B74-410F-8B15-3F42EE6FCFCF}
		{AB432BE0-B1CE-4B6F-9FFF-463510541B75} = {050879D0-AF8A-452F-88D3-28F3242DAB8D}
		{050879D0-AF8A-452F-88D3-28F3242DAB8D} = {3216E1E0-7019-4319-B813-369DAD98A347}
		{61287598-2B1D-433D-AE68-6B7FFA47C3AA} = {050879D0-AF8A-452F-88D3-28F3242DAB8D}
		{E2B490A1-6C3D-4F8E-B2A1-4D5E6F708091} = {8F8D80D6-3DEA-4A11-947D-AC5C7EA00187}
		{F3C591B2-7D4E-40A9-C3B2-5E6F708190A1} = {E2B490A1-6C3D-4F8E-B2A1-4D5E6F708091}
		{04D6A2C3-8E5F-41BA-D4C3-6F708190A2B2} = {E2B490A1-6C3D-4F8E-B2A1-4D5E6F708091}
		{15E7B3D4-9F60-42CB-E5D4-708190A3B3C3} = {E2B490A1-6C3D-4F8E-B2A1-4D5E6F708091}
		{26F8C4E5-A071-43DC-F6E5-8190A4B4C4D4} = {E2B490A1-6C3D-4F8E-B2A1-4D5E6F708091}
		{3790D5F6-B182-44ED-A7F6-9201B5C5D5E5} = {E2B490A1-6C3D-4F8E-B2A1-4D5E6F708091}
		{440DF63E-566E-4A8C-AFDA-B41AD68A81FA} = {3216E1E0-7019-4319-B813-369DAD98A347}
		{A0FC075B-DA47-4780-AB8A-AEBDB5A6FF7C} = {440DF63E-566E-4A8C-AFDA-B41AD68A81FA}
		{93B0C4CE-6022-4B0A-9DED-A2A1115D27FC} = {440DF63E-566E-4A8C-AFDA-B41AD68A81FA}
		{3F4108EB-2579-4042-AF8C-5DA1EC8EACF1} = {CB49A926-EDC2-4F4D-925E-C5042ACE8D50}
	EndGlobalSection
	GlobalSection(ExtensibilityGlobals) = postSolution
		SolutionGuid = {12DAB194-1672-4BA8-94A8-A5F83D36912D}
	EndGlobalSection
EndGlobal
