Microsoft Visual Studio Solution File, Format Version 12.00
# Visual Studio Version 17
VisualStudioVersion = 17.9.34728.123
MinimumVisualStudioVersion = 10.0.40219.1
Project("{2150E333-8FDC-42A3-9474-1A3956D46DE8}") = "src", "src", "{8F025AEF-1C15-45B3-9FB6-E3BAFA640C60}"
EndProject
Project("{2150E333-8FDC-42A3-9474-1A3956D46DE8}") = "BuildingBlocks", "BuildingBlocks", "{757A6AA4-40F3-40AE-903F-5273B26EA9CF}"
EndProject
Project("{9A19103F-16F7-4668-BE54-9A1E7A4F7556}") = "Invoria.BuildingBlocks.Domain", "src\BuildingBlocks\Invoria.BuildingBlocks.Domain\Invoria.BuildingBlocks.Domain.csproj", "{DBD880A3-EDD6-4E0E-80F4-78C0F7D53AEF}"
EndProject
Project("{9A19103F-16F7-4668-BE54-9A1E7A4F7556}") = "Invoria.BuildingBlocks.Application", "src\BuildingBlocks\Invoria.BuildingBlocks.Application\Invoria.BuildingBlocks.Application.csproj", "{46902691-B19B-4880-9B70-FD8131C31B87}"
EndProject
Project("{9A19103F-16F7-4668-BE54-9A1E7A4F7556}") = "Invoria.BuildingBlocks.EntityFramework", "src\BuildingBlocks\Invoria.BuildingBlocks.EntityFramework\Invoria.BuildingBlocks.EntityFramework.csproj", "{B9A8D1C2-8D5D-4E3B-8E02-1A9D4C5E8F11}"
EndProject
Project("{9A19103F-16F7-4668-BE54-9A1E7A4F7556}") = "Invoria.BuildingBlocks.Infrastructure", "src\BuildingBlocks\Invoria.BuildingBlocks.Infrastructure\Invoria.BuildingBlocks.Infrastructure.csproj", "{A16700CA-1B23-4CF2-862B-276A29E2372F}"
EndProject
Project("{9A19103F-16F7-4668-BE54-9A1E7A4F7556}") = "Invoria.Api", "src\Invoria.Api\Invoria.Api.csproj", "{E6FF6A15-26F4-4851-B342-77AF78EC5FC9}"
EndProject
Project("{2150E333-8FDC-42A3-9474-1A3956D46DE8}") = "tests", "tests", "{00ECCD11-1CF7-41E9-AC3E-C5D458EC16CD}"
EndProject
Project("{9A19103F-16F7-4668-BE54-9A1E7A4F7556}") = "Invoria.Application.Tests", "tests\Invoria.Application.Tests\Invoria.Application.Tests.csproj", "{B5617359-45DB-456E-B5BB-5B9A20A9E49A}"
EndProject
Project("{9A19103F-16F7-4668-BE54-9A1E7A4F7556}") = "Invoria.BuildingBlocks.Core", "src\BuildingBlocks\Invoria.BuildingBlocks.Core\Invoria.BuildingBlocks.Core.csproj", "{C08BB0AA-F0E4-49CE-8864-6348C49D4B4D}"
EndProject
Project("{2150E333-8FDC-42A3-9474-1A3956D46DE8}") = "Modules", "Modules", "{8F8D80D6-3DEA-4A11-947D-AC5C7EA00187}"
EndProject
Project("{2150E333-8FDC-42A3-9474-1A3956D46DE8}") = "Catalog", "Catalog", "{AB9694BC-F419-46DD-8B96-5D3086153E7B}"
EndProject
Project("{9A19103F-16F7-4668-BE54-9A1E7A4F7556}") = "Invoria.Catalog.Domain", "src\Modules\Catalog\Catalog.Domain\Invoria.Catalog.Domain.csproj", "{08750553-B1D9-443F-8E4B-2EE5916594BA}"
EndProject
Project("{9A19103F-16F7-4668-BE54-9A1E7A4F7556}") = "Invoria.Catalog.Application", "src\Modules\Catalog\Catalog.Application\Invoria.Catalog.Application.csproj", "{7DD0935F-CB4B-4711-81A2-C26C861A08E8}"
EndProject
Project("{9A19103F-16F7-4668-BE54-9A1E7A4F7556}") = "Invoria.Catalog.Endpoints", "src\Modules\Catalog\Catalog.Endpoints\Invoria.Catalog.Endpoints.csproj", "{EB2234B0-0018-456F-B7DF-E2A53B193702}"
EndProject
Project("{9A19103F-16F7-4668-BE54-9A1E7A4F7556}") = "Invoria.Catalog.Contracts", "src\Modules\Catalog\Catalog.Contracts\Invoria.Catalog.Contracts.csproj", "{3EEABAC2-3740-4904-93DC-75E981673E03}"
EndProject
Project("{2150E333-8FDC-42A3-9474-1A3956D46DE8}") = "Modules", "Modules", "{3216E1E0-7019-4319-B813-369DAD98A347}"
EndProject
Project("{2150E333-8FDC-42A3-9474-1A3956D46DE8}") = "Catalog", "Catalog", "{0C7F70FC-4694-4221-9FB1-67588E50EB0E}"
EndProject
Project("{9A19103F-16F7-4668-BE54-9A1E7A4F7556}") = "Invoria.Catalog.Application.Tests", "tests\Modules\Catalog\Catalog.Application.Tests\Invoria.Catalog.Application.Tests.csproj", "{EFB7B193-DFC6-4920-AAA3-988D53A71495}"
EndProject
Project("{9A19103F-16F7-4668-BE54-9A1E7A4F7556}") = "Invoria.Catalog.Infrastructure", "src\Modules\Catalog\Catalog.Infrastructure\Invoria.Catalog.Infrastructure.csproj", "{21CE9445-75F1-4DFC-8D1A-8B1871376889}"
EndProject
Project("{9A19103F-16F7-4668-BE54-9A1E7A4F7556}") = "Invoria.Catalog.Endpoints.Tests", "tests\Modules\Catalog\Catalog.Endpoints.Tests\Invoria.Catalog.Endpoints.Tests.csproj", "{D4C5EB0E-047F-48DE-8695-7C305AE16B25}"
EndProject
Project("{FAE04EC0-301F-11D3-BF4B-00C04F79EFBC}") = "Invoria.Endpoints.Tests", "tests\Invoria.Endpoints.Tests\Invoria.Endpoints.Tests.csproj", "{07B6DB1E-CB87-4FC4-9387-2F0AD80CECE3}"
EndProject
Global
	GlobalSection(SolutionConfigurationPlatforms) = preSolution
		Debug|Any CPU = Debug|Any CPU
		Debug|x64 = Debug|x64
		Debug|x86 = Debug|x86
		Release|Any CPU = Release|Any CPU
		Release|x64 = Release|x64
		Release|x86 = Release|x86
	EndGlobalSection
	GlobalSection(ProjectConfigurationPlatforms) = postSolution
		{DBD880A3-EDD6-4E0E-80F4-78C0F7D53AEF}.Debug|Any CPU.ActiveCfg = Debug|Any CPU
		{DBD880A3-EDD6-4E0E-80F4-78C0F7D53AEF}.Debug|Any CPU.Build.0 = Debug|Any CPU
		{DBD880A3-EDD6-4E0E-80F4-78C0F7D53AEF}.Debug|x64.ActiveCfg = Debug|Any CPU
		{DBD880A3-EDD6-4E0E-80F4-78C0F7D53AEF}.Debug|x64.Build.0 = Debug|Any CPU
		{DBD880A3-EDD6-4E0E-80F4-78C0F7D53AEF}.Debug|x86.ActiveCfg = Debug|Any CPU
		{DBD880A3-EDD6-4E0E-80F4-78C0F7D53AEF}.Debug|x86.Build.0 = Debug|Any CPU
		{DBD880A3-EDD6-4E0E-80F4-78C0F7D53AEF}.Release|Any CPU.ActiveCfg = Release|Any CPU
		{DBD880A3-EDD6-4E0E-80F4-78C0F7D53AEF}.Release|Any CPU.Build.0 = Release|Any CPU
		{DBD880A3-EDD6-4E0E-80F4-78C0F7D53AEF}.Release|x64.ActiveCfg = Release|Any CPU
		{DBD880A3-EDD6-4E0E-80F4-78C0F7D53AEF}.Release|x64.Build.0 = Release|Any CPU
		{DBD880A3-EDD6-4E0E-80F4-78C0F7D53AEF}.Release|x86.ActiveCfg = Release|Any CPU
		{DBD880A3-EDD6-4E0E-80F4-78C0F7D53AEF}.Release|x86.Build.0 = Release|Any CPU
		{46902691-B19B-4880-9B70-FD8131C31B87}.Debug|Any CPU.ActiveCfg = Debug|Any CPU
		{46902691-B19B-4880-9B70-FD8131C31B87}.Debug|Any CPU.Build.0 = Debug|Any CPU
		{46902691-B19B-4880-9B70-FD8131C31B87}.Debug|x64.ActiveCfg = Debug|Any CPU
		{46902691-B19B-4880-9B70-FD8131C31B87}.Debug|x64.Build.0 = Debug|Any CPU
		{46902691-B19B-4880-9B70-FD8131C31B87}.Debug|x86.ActiveCfg = Debug|Any CPU
		{46902691-B19B-4880-9B70-FD8131C31B87}.Debug|x86.Build.0 = Debug|Any CPU
		{46902691-B19B-4880-9B70-FD8131C31B87}.Release|Any CPU.ActiveCfg = Release|Any CPU
		{46902691-B19B-4880-9B70-FD8131C31B87}.Release|Any CPU.Build.0 = Release|Any CPU
		{46902691-B19B-4880-9B70-FD8131C31B87}.Release|x64.ActiveCfg = Release|Any CPU
		{46902691-B19B-4880-9B70-FD8131C31B87}.Release|x64.Build.0 = Release|Any CPU
		{46902691-B19B-4880-9B70-FD8131C31B87}.Release|x86.ActiveCfg = Release|Any CPU
		{46902691-B19B-4880-9B70-FD8131C31B87}.Release|x86.Build.0 = Release|Any CPU
		{B9A8D1C2-8D5D-4E3B-8E02-1A9D4C5E8F11}.Debug|Any CPU.ActiveCfg = Debug|Any CPU
		{B9A8D1C2-8D5D-4E3B-8E02-1A9D4C5E8F11}.Debug|Any CPU.Build.0 = Debug|Any CPU
		{B9A8D1C2-8D5D-4E3B-8E02-1A9D4C5E8F11}.Debug|x64.ActiveCfg = Debug|Any CPU
		{B9A8D1C2-8D5D-4E3B-8E02-1A9D4C5E8F11}.Debug|x64.Build.0 = Debug|Any CPU
		{B9A8D1C2-8D5D-4E3B-8E02-1A9D4C5E8F11}.Debug|x86.ActiveCfg = Debug|Any CPU
		{B9A8D1C2-8D5D-4E3B-8E02-1A9D4C5E8F11}.Debug|x86.Build.0 = Debug|Any CPU
		{B9A8D1C2-8D5D-4E3B-8E02-1A9D4C5E8F11}.Release|Any CPU.ActiveCfg = Release|Any CPU
		{B9A8D1C2-8D5D-4E3B-8E02-1A9D4C5E8F11}.Release|Any CPU.Build.0 = Release|Any CPU
		{B9A8D1C2-8D5D-4E3B-8E02-1A9D4C5E8F11}.Release|x64.ActiveCfg = Release|Any CPU
		{B9A8D1C2-8D5D-4E3B-8E02-1A9D4C5E8F11}.Release|x64.Build.0 = Release|Any CPU
		{B9A8D1C2-8D5D-4E3B-8E02-1A9D4C5E8F11}.Release|x86.ActiveCfg = Release|Any CPU
		{B9A8D1C2-8D5D-4E3B-8E02-1A9D4C5E8F11}.Release|x86.Build.0 = Release|Any CPU
		{A16700CA-1B23-4CF2-862B-276A29E2372F}.Debug|Any CPU.ActiveCfg = Debug|Any CPU
		{A16700CA-1B23-4CF2-862B-276A29E2372F}.Debug|Any CPU.Build.0 = Debug|Any CPU
		{A16700CA-1B23-4CF2-862B-276A29E2372F}.Debug|x64.ActiveCfg = Debug|Any CPU
		{A16700CA-1B23-4CF2-862B-276A29E2372F}.Debug|x64.Build.0 = Debug|Any CPU
		{A16700CA-1B23-4CF2-862B-276A29E2372F}.Debug|x86.ActiveCfg = Debug|Any CPU
		{A16700CA-1B23-4CF2-862B-276A29E2372F}.Debug|x86.Build.0 = Debug|Any CPU
		{A16700CA-1B23-4CF2-862B-276A29E2372F}.Release|Any CPU.ActiveCfg = Release|Any CPU
		{A16700CA-1B23-4CF2-862B-276A29E2372F}.Release|Any CPU.Build.0 = Release|Any CPU
		{A16700CA-1B23-4CF2-862B-276A29E2372F}.Release|x64.ActiveCfg = Release|Any CPU
		{A16700CA-1B23-4CF2-862B-276A29E2372F}.Release|x64.Build.0 = Release|Any CPU
		{A16700CA-1B23-4CF2-862B-276A29E2372F}.Release|x86.ActiveCfg = Release|Any CPU
		{A16700CA-1B23-4CF2-862B-276A29E2372F}.Release|x86.Build.0 = Release|Any CPU
		{E6FF6A15-26F4-4851-B342-77AF78EC5FC9}.Debug|Any CPU.ActiveCfg = Debug|Any CPU
		{E6FF6A15-26F4-4851-B342-77AF78EC5FC9}.Debug|Any CPU.Build.0 = Debug|Any CPU
		{E6FF6A15-26F4-4851-B342-77AF78EC5FC9}.Debug|x64.ActiveCfg = Debug|Any CPU
		{E6FF6A15-26F4-4851-B342-77AF78EC5FC9}.Debug|x64.Build.0 = Debug|Any CPU
		{E6FF6A15-26F4-4851-B342-77AF78EC5FC9}.Debug|x86.ActiveCfg = Debug|Any CPU
		{E6FF6A15-26F4-4851-B342-77AF78EC5FC9}.Debug|x86.Build.0 = Debug|Any CPU
		{E6FF6A15-26F4-4851-B342-77AF78EC5FC9}.Release|Any CPU.ActiveCfg = Release|Any CPU
		{E6FF6A15-26F4-4851-B342-77AF78EC5FC9}.Release|Any CPU.Build.0 = Release|Any CPU
		{E6FF6A15-26F4-4851-B342-77AF78EC5FC9}.Release|x64.ActiveCfg = Release|Any CPU
		{E6FF6A15-26F4-4851-B342-77AF78EC5FC9}.Release|x64.Build.0 = Release|Any CPU
		{E6FF6A15-26F4-4851-B342-77AF78EC5FC9}.Release|x86.ActiveCfg = Release|Any CPU
		{E6FF6A15-26F4-4851-B342-77AF78EC5FC9}.Release|x86.Build.0 = Release|Any CPU
		{B5617359-45DB-456E-B5BB-5B9A20A9E49A}.Debug|Any CPU.ActiveCfg = Debug|Any CPU
		{B5617359-45DB-456E-B5BB-5B9A20A9E49A}.Debug|Any CPU.Build.0 = Debug|Any CPU
		{B5617359-45DB-456E-B5BB-5B9A20A9E49A}.Debug|x64.ActiveCfg = Debug|Any CPU
		{B5617359-45DB-456E-B5BB-5B9A20A9E49A}.Debug|x64.Build.0 = Debug|Any CPU
		{B5617359-45DB-456E-B5BB-5B9A20A9E49A}.Debug|x86.ActiveCfg = Debug|Any CPU
		{B5617359-45DB-456E-B5BB-5B9A20A9E49A}.Debug|x86.Build.0 = Debug|Any CPU
		{B5617359-45DB-456E-B5BB-5B9A20A9E49A}.Release|Any CPU.ActiveCfg = Release|Any CPU
		{B5617359-45DB-456E-B5BB-5B9A20A9E49A}.Release|Any CPU.Build.0 = Release|Any CPU
		{B5617359-45DB-456E-B5BB-5B9A20A9E49A}.Release|x64.ActiveCfg = Release|Any CPU
		{B5617359-45DB-456E-B5BB-5B9A20A9E49A}.Release|x64.Build.0 = Release|Any CPU
		{B5617359-45DB-456E-B5BB-5B9A20A9E49A}.Release|x86.ActiveCfg = Release|Any CPU
		{B5617359-45DB-456E-B5BB-5B9A20A9E49A}.Release|x86.Build.0 = Release|Any CPU
		{C08BB0AA-F0E4-49CE-8864-6348C49D4B4D}.Debug|Any CPU.ActiveCfg = Debug|Any CPU
		{C08BB0AA-F0E4-49CE-8864-6348C49D4B4D}.Debug|Any CPU.Build.0 = Debug|Any CPU
		{C08BB0AA-F0E4-49CE-8864-6348C49D4B4D}.Debug|x64.ActiveCfg = Debug|Any CPU
		{C08BB0AA-F0E4-49CE-8864-6348C49D4B4D}.Debug|x64.Build.0 = Debug|Any CPU
		{C08BB0AA-F0E4-49CE-8864-6348C49D4B4D}.Debug|x86.ActiveCfg = Debug|Any CPU
		{C08BB0AA-F0E4-49CE-8864-6348C49D4B4D}.Debug|x86.Build.0 = Debug|Any CPU
		{C08BB0AA-F0E4-49CE-8864-6348C49D4B4D}.Release|Any CPU.ActiveCfg = Release|Any CPU
		{C08BB0AA-F0E4-49CE-8864-6348C49D4B4D}.Release|Any CPU.Build.0 = Release|Any CPU
		{C08BB0AA-F0E4-49CE-8864-6348C49D4B4D}.Release|x64.ActiveCfg = Release|Any CPU
		{C08BB0AA-F0E4-49CE-8864-6348C49D4B4D}.Release|x64.Build.0 = Release|Any CPU
		{C08BB0AA-F0E4-49CE-8864-6348C49D4B4D}.Release|x86.ActiveCfg = Release|Any CPU
		{C08BB0AA-F0E4-49CE-8864-6348C49D4B4D}.Release|x86.Build.0 = Release|Any CPU
		{08750553-B1D9-443F-8E4B-2EE5916594BA}.Debug|Any CPU.ActiveCfg = Debug|Any CPU
		{08750553-B1D9-443F-8E4B-2EE5916594BA}.Debug|Any CPU.Build.0 = Debug|Any CPU
		{08750553-B1D9-443F-8E4B-2EE5916594BA}.Debug|x64.ActiveCfg = Debug|Any CPU
		{08750553-B1D9-443F-8E4B-2EE5916594BA}.Debug|x64.Build.0 = Debug|Any CPU
		{08750553-B1D9-443F-8E4B-2EE5916594BA}.Debug|x86.ActiveCfg = Debug|Any CPU
		{08750553-B1D9-443F-8E4B-2EE5916594BA}.Debug|x86.Build.0 = Debug|Any CPU
		{08750553-B1D9-443F-8E4B-2EE5916594BA}.Release|Any CPU.ActiveCfg = Release|Any CPU
		{08750553-B1D9-443F-8E4B-2EE5916594BA}.Release|Any CPU.Build.0 = Release|Any CPU
		{08750553-B1D9-443F-8E4B-2EE5916594BA}.Release|x64.ActiveCfg = Release|Any CPU
		{08750553-B1D9-443F-8E4B-2EE5916594BA}.Release|x64.Build.0 = Release|Any CPU
		{08750553-B1D9-443F-8E4B-2EE5916594BA}.Release|x86.ActiveCfg = Release|Any CPU
		{08750553-B1D9-443F-8E4B-2EE5916594BA}.Release|x86.Build.0 = Release|Any CPU
		{7DD0935F-CB4B-4711-81A2-C26C861A08E8}.Debug|Any CPU.ActiveCfg = Debug|Any CPU
		{7DD0935F-CB4B-4711-81A2-C26C861A08E8}.Debug|Any CPU.Build.0 = Debug|Any CPU
		{7DD0935F-CB4B-4711-81A2-C26C861A08E8}.Debug|x64.ActiveCfg = Debug|Any CPU
		{7DD0935F-CB4B-4711-81A2-C26C861A08E8}.Debug|x64.Build.0 = Debug|Any CPU
		{7DD0935F-CB4B-4711-81A2-C26C861A08E8}.Debug|x86.ActiveCfg = Debug|Any CPU
		{7DD0935F-CB4B-4711-81A2-C26C861A08E8}.Debug|x86.Build.0 = Debug|Any CPU
		{7DD0935F-CB4B-4711-81A2-C26C861A08E8}.Release|Any CPU.ActiveCfg = Release|Any CPU
		{7DD0935F-CB4B-4711-81A2-C26C861A08E8}.Release|Any CPU.Build.0 = Release|Any CPU
		{7DD0935F-CB4B-4711-81A2-C26C861A08E8}.Release|x64.ActiveCfg = Release|Any CPU
		{7DD0935F-CB4B-4711-81A2-C26C861A08E8}.Release|x64.Build.0 = Release|Any CPU
		{7DD0935F-CB4B-4711-81A2-C26C861A08E8}.Release|x86.ActiveCfg = Release|Any CPU
		{7DD0935F-CB4B-4711-81A2-C26C861A08E8}.Release|x86.Build.0 = Release|Any CPU
		{EB2234B0-0018-456F-B7DF-E2A53B193702}.Debug|Any CPU.ActiveCfg = Debug|Any CPU
		{EB2234B0-0018-456F-B7DF-E2A53B193702}.Debug|Any CPU.Build.0 = Debug|Any CPU
		{EB2234B0-0018-456F-B7DF-E2A53B193702}.Debug|x64.ActiveCfg = Debug|Any CPU
		{EB2234B0-0018-456F-B7DF-E2A53B193702}.Debug|x64.Build.0 = Debug|Any CPU
		{EB2234B0-0018-456F-B7DF-E2A53B193702}.Debug|x86.ActiveCfg = Debug|Any CPU
		{EB2234B0-0018-456F-B7DF-E2A53B193702}.Debug|x86.Build.0 = Debug|Any CPU
		{EB2234B0-0018-456F-B7DF-E2A53B193702}.Release|Any CPU.ActiveCfg = Release|Any CPU
		{EB2234B0-0018-456F-B7DF-E2A53B193702}.Release|Any CPU.Build.0 = Release|Any CPU
		{EB2234B0-0018-456F-B7DF-E2A53B193702}.Release|x64.ActiveCfg = Release|Any CPU
		{EB2234B0-0018-456F-B7DF-E2A53B193702}.Release|x64.Build.0 = Release|Any CPU
		{EB2234B0-0018-456F-B7DF-E2A53B193702}.Release|x86.ActiveCfg = Release|Any CPU
		{EB2234B0-0018-456F-B7DF-E2A53B193702}.Release|x86.Build.0 = Release|Any CPU
		{3EEABAC2-3740-4904-93DC-75E981673E03}.Debug|Any CPU.ActiveCfg = Debug|Any CPU
		{3EEABAC2-3740-4904-93DC-75E981673E03}.Debug|Any CPU.Build.0 = Debug|Any CPU
		{3EEABAC2-3740-4904-93DC-75E981673E03}.Debug|x64.ActiveCfg = Debug|Any CPU
		{3EEABAC2-3740-4904-93DC-75E981673E03}.Debug|x64.Build.0 = Debug|Any CPU
		{3EEABAC2-3740-4904-93DC-75E981673E03}.Debug|x86.ActiveCfg = Debug|Any CPU
		{3EEABAC2-3740-4904-93DC-75E981673E03}.Debug|x86.Build.0 = Debug|Any CPU
		{3EEABAC2-3740-4904-93DC-75E981673E03}.Release|Any CPU.ActiveCfg = Release|Any CPU
		{3EEABAC2-3740-4904-93DC-75E981673E03}.Release|Any CPU.Build.0 = Release|Any CPU
		{3EEABAC2-3740-4904-93DC-75E981673E03}.Release|x64.ActiveCfg = Release|Any CPU
		{3EEABAC2-3740-4904-93DC-75E981673E03}.Release|x64.Build.0 = Release|Any CPU
		{3EEABAC2-3740-4904-93DC-75E981673E03}.Release|x86.ActiveCfg = Release|Any CPU
		{3EEABAC2-3740-4904-93DC-75E981673E03}.Release|x86.Build.0 = Release|Any CPU
		{EFB7B193-DFC6-4920-AAA3-988D53A71495}.Debug|Any CPU.ActiveCfg = Debug|Any CPU
		{EFB7B193-DFC6-4920-AAA3-988D53A71495}.Debug|Any CPU.Build.0 = Debug|Any CPU
		{EFB7B193-DFC6-4920-AAA3-988D53A71495}.Debug|x64.ActiveCfg = Debug|Any CPU
		{EFB7B193-DFC6-4920-AAA3-988D53A71495}.Debug|x64.Build.0 = Debug|Any CPU
		{EFB7B193-DFC6-4920-AAA3-988D53A71495}.Debug|x86.ActiveCfg = Debug|Any CPU
		{EFB7B193-DFC6-4920-AAA3-988D53A71495}.Debug|x86.Build.0 = Debug|Any CPU
		{EFB7B193-DFC6-4920-AAA3-988D53A71495}.Release|Any CPU.ActiveCfg = Release|Any CPU
		{EFB7B193-DFC6-4920-AAA3-988D53A71495}.Release|Any CPU.Build.0 = Release|Any CPU
		{EFB7B193-DFC6-4920-AAA3-988D53A71495}.Release|x64.ActiveCfg = Release|Any CPU
		{EFB7B193-DFC6-4920-AAA3-988D53A71495}.Release|x64.Build.0 = Release|Any CPU
		{EFB7B193-DFC6-4920-AAA3-988D53A71495}.Release|x86.ActiveCfg = Release|Any CPU
		{EFB7B193-DFC6-4920-AAA3-988D53A71495}.Release|x86.Build.0 = Release|Any CPU
		{21CE9445-75F1-4DFC-8D1A-8B1871376889}.Debug|Any CPU.ActiveCfg = Debug|Any CPU
		{21CE9445-75F1-4DFC-8D1A-8B1871376889}.Debug|Any CPU.Build.0 = Debug|Any CPU
		{21CE9445-75F1-4DFC-8D1A-8B1871376889}.Debug|x64.ActiveCfg = Debug|Any CPU
		{21CE9445-75F1-4DFC-8D1A-8B1871376889}.Debug|x64.Build.0 = Debug|Any CPU
		{21CE9445-75F1-4DFC-8D1A-8B1871376889}.Debug|x86.ActiveCfg = Debug|Any CPU
		{21CE9445-75F1-4DFC-8D1A-8B1871376889}.Debug|x86.Build.0 = Debug|Any CPU
		{21CE9445-75F1-4DFC-8D1A-8B1871376889}.Release|Any CPU.ActiveCfg = Release|Any CPU
		{21CE9445-75F1-4DFC-8D1A-8B1871376889}.Release|Any CPU.Build.0 = Release|Any CPU
		{21CE9445-75F1-4DFC-8D1A-8B1871376889}.Release|x64.ActiveCfg = Release|Any CPU
		{21CE9445-75F1-4DFC-8D1A-8B1871376889}.Release|x64.Build.0 = Release|Any CPU
		{21CE9445-75F1-4DFC-8D1A-8B1871376889}.Release|x86.ActiveCfg = Release|Any CPU
		{21CE9445-75F1-4DFC-8D1A-8B1871376889}.Release|x86.Build.0 = Release|Any CPU
		{D4C5EB0E-047F-48DE-8695-7C305AE16B25}.Debug|Any CPU.ActiveCfg = Debug|Any CPU
		{D4C5EB0E-047F-48DE-8695-7C305AE16B25}.Debug|Any CPU.Build.0 = Debug|Any CPU
		{D4C5EB0E-047F-48DE-8695-7C305AE16B25}.Debug|x64.ActiveCfg = Debug|Any CPU
		{D4C5EB0E-047F-48DE-8695-7C305AE16B25}.Debug|x64.Build.0 = Debug|Any CPU
		{D4C5EB0E-047F-48DE-8695-7C305AE16B25}.Debug|x86.ActiveCfg = Debug|Any CPU
		{D4C5EB0E-047F-48DE-8695-7C305AE16B25}.Debug|x86.Build.0 = Debug|Any CPU
		{D4C5EB0E-047F-48DE-8695-7C305AE16B25}.Release|Any CPU.ActiveCfg = Release|Any CPU
		{D4C5EB0E-047F-48DE-8695-7C305AE16B25}.Release|Any CPU.Build.0 = Release|Any CPU
		{D4C5EB0E-047F-48DE-8695-7C305AE16B25}.Release|x64.ActiveCfg = Release|Any CPU
		{D4C5EB0E-047F-48DE-8695-7C305AE16B25}.Release|x64.Build.0 = Release|Any CPU
		{D4C5EB0E-047F-48DE-8695-7C305AE16B25}.Release|x86.ActiveCfg = Release|Any CPU
		{D4C5EB0E-047F-48DE-8695-7C305AE16B25}.Release|x86.Build.0 = Release|Any CPU
		{07B6DB1E-CB87-4FC4-9387-2F0AD80CECE3}.Debug|Any CPU.ActiveCfg = Debug|Any CPU
		{07B6DB1E-CB87-4FC4-9387-2F0AD80CECE3}.Debug|Any CPU.Build.0 = Debug|Any CPU
		{07B6DB1E-CB87-4FC4-9387-2F0AD80CECE3}.Debug|x64.ActiveCfg = Debug|Any CPU
		{07B6DB1E-CB87-4FC4-9387-2F0AD80CECE3}.Debug|x64.Build.0 = Debug|Any CPU
		{07B6DB1E-CB87-4FC4-9387-2F0AD80CECE3}.Debug|x86.ActiveCfg = Debug|Any CPU
		{07B6DB1E-CB87-4FC4-9387-2F0AD80CECE3}.Debug|x86.Build.0 = Debug|Any CPU
		{07B6DB1E-CB87-4FC4-9387-2F0AD80CECE3}.Release|Any CPU.ActiveCfg = Release|Any CPU
		{07B6DB1E-CB87-4FC4-9387-2F0AD80CECE3}.Release|Any CPU.Build.0 = Release|Any CPU
		{07B6DB1E-CB87-4FC4-9387-2F0AD80CECE3}.Release|x64.ActiveCfg = Release|Any CPU
		{07B6DB1E-CB87-4FC4-9387-2F0AD80CECE3}.Release|x64.Build.0 = Release|Any CPU
		{07B6DB1E-CB87-4FC4-9387-2F0AD80CECE3}.Release|x86.ActiveCfg = Release|Any CPU
		{07B6DB1E-CB87-4FC4-9387-2F0AD80CECE3}.Release|x86.Build.0 = Release|Any CPU
	EndGlobalSection
	GlobalSection(SolutionProperties) = preSolution
		HideSolutionNode = FALSE
	EndGlobalSection
	GlobalSection(NestedProjects) = preSolution
		{757A6AA4-40F3-40AE-903F-5273B26EA9CF} = {8F025AEF-1C15-45B3-9FB6-E3BAFA640C60}
		{DBD880A3-EDD6-4E0E-80F4-78C0F7D53AEF} = {757A6AA4-40F3-40AE-903F-5273B26EA9CF}
		{46902691-B19B-4880-9B70-FD8131C31B87} = {757A6AA4-40F3-40AE-903F-5273B26EA9CF}
		{B9A8D1C2-8D5D-4E3B-8E02-1A9D4C5E8F11} = {757A6AA4-40F3-40AE-903F-5273B26EA9CF}
		{A16700CA-1B23-4CF2-862B-276A29E2372F} = {757A6AA4-40F3-40AE-903F-5273B26EA9CF}
		{E6FF6A15-26F4-4851-B342-77AF78EC5FC9} = {8F025AEF-1C15-45B3-9FB6-E3BAFA640C60}
		{B5617359-45DB-456E-B5BB-5B9A20A9E49A} = {00ECCD11-1CF7-41E9-AC3E-C5D458EC16CD}
		{C08BB0AA-F0E4-49CE-8864-6348C49D4B4D} = {757A6AA4-40F3-40AE-903F-5273B26EA9CF}
		{8F8D80D6-3DEA-4A11-947D-AC5C7EA00187} = {8F025AEF-1C15-45B3-9FB6-E3BAFA640C60}
		{AB9694BC-F419-46DD-8B96-5D3086153E7B} = {8F8D80D6-3DEA-4A11-947D-AC5C7EA00187}
		{08750553-B1D9-443F-8E4B-2EE5916594BA} = {AB9694BC-F419-46DD-8B96-5D3086153E7B}
		{7DD0935F-CB4B-4711-81A2-C26C861A08E8} = {AB9694BC-F419-46DD-8B96-5D3086153E7B}
		{EB2234B0-0018-456F-B7DF-E2A53B193702} = {AB9694BC-F419-46DD-8B96-5D3086153E7B}
		{3EEABAC2-3740-4904-93DC-75E981673E03} = {AB9694BC-F419-46DD-8B96-5D3086153E7B}
		{3216E1E0-7019-4319-B813-369DAD98A347} = {00ECCD11-1CF7-41E9-AC3E-C5D458EC16CD}
		{0C7F70FC-4694-4221-9FB1-67588E50EB0E} = {3216E1E0-7019-4319-B813-369DAD98A347}
		{EFB7B193-DFC6-4920-AAA3-988D53A71495} = {0C7F70FC-4694-4221-9FB1-67588E50EB0E}
		{21CE9445-75F1-4DFC-8D1A-8B1871376889} = {AB9694BC-F419-46DD-8B96-5D3086153E7B}
		{D4C5EB0E-047F-48DE-8695-7C305AE16B25} = {0C7F70FC-4694-4221-9FB1-67588E50EB0E}
		{07B6DB1E-CB87-4FC4-9387-2F0AD80CECE3} = {00ECCD11-1CF7-41E9-AC3E-C5D458EC16CD}
	EndGlobalSection
	GlobalSection(ExtensibilityGlobals) = postSolution
		SolutionGuid = {12DAB194-1672-4BA8-94A8-A5F83D36912D}
	EndGlobalSection
EndGlobal
